{
  "version": 4,
  "terraform_version": "1.8.5",
  "serial": 97,
  "lineage": "2deeb32a-eac3-92f4-8ea0-e5fa8897dd92",
  "outputs": {
    "instance_ids": {
      "value": [
        "i-07634f3c3c210ccb5",
        "i-0e94273535b096ddc"
      ],
      "type": [
        "tuple",
        [
          "string",
          "string"
        ]
      ]
    },
    "key_pair_name": {
      "value": "my-generated-key",
      "type": "string"
    },
    "private_ips": {
      "value": [
        "10.0.1.245",
        "10.0.2.251"
      ],
      "type": [
        "tuple",
        [
          "string",
          "string"
        ]
      ]
    },
    "private_key_path": {
      "value": "./my-key-pair.pem",
      "type": "string"
    },
    "public_ips": {
      "value": [
        "54.211.17.93",
        "54.227.52.62"
      ],
      "type": [
        "tuple",
        [
          "string",
          "string"
        ]
      ]
    },
    "security_group_id": {
      "value": "sg-00fcad3eea7d40521",
      "type": "string"
    },
    "subnet_ids": {
      "value": [
        "subnet-0b5e1a2146bcd338c",
        "subnet-0a2e77b8e0c103080"
      ],
      "type": [
        "tuple",
        [
          "string",
          "string"
        ]
      ]
    },
    "vpc_id": {
      "value": "vpc-00fcc867537e8ed42",
      "type": "string"
    }
  },
  "resources": [
    {
      "mode": "managed",
      "type": "aws_key_pair",
      "name": "generated_key",
      "provider": "provider[\"registry.terraform.io/hashicorp/aws\"]",
      "instances": [
        {
          "schema_version": 1,
          "attributes": {
            "arn": "arn:aws:ec2:us-east-1:975049887972:key-pair/my-generated-key",
            "fingerprint": "7e:24:16:c2:78:d1:e4:08:59:8a:6a:02:9e:a1:c8:75",
            "id": "my-generated-key",
            "key_name": "my-generated-key",
            "key_name_prefix": "",
            "key_pair_id": "key-0be8719329af8185a",
            "key_type": "rsa",
            "public_key": "ssh-rsa AAAAB3NzaC1yc2EAAAADAQABAAACAQDcBu1f1KLRn6eKKLt8NI6uOC36OJYETHEXtVIzQW1b/5QFbmApeYrum2gqqANAU5+/ZUTcfMbu4X4P0JIfdfxfz7738fv9JYZHeZA25/fdwYjsA79JYsoUyN1hJ9Bit88O2pEUvIxses5UKmFNT0Hl5M57owlar4mvmtxGuzggETp1xNVYg+FgMUZE9nJl3EY75TAhNFMqa9GOC2rlbnrR+0eqdrY3wajtgVFDSlLbGcC0reMCYFmGSUMQmgjM8hZv7x4LIuBeiqbFzic/FwfCk3RCcYtcwA6zjE6p+4T6uhEy8DleKZrxJOrf/7HJCg6Vjr0VpO/ZoPH7cAlTRd+vTLjngOUWyP7lgXjhFBUoxk7PnjSYq3EpUXrAndFMCbIj3SsSUsPqWS+M43eebmsywkuxH9phpjX9lWlJrLtTFWBjDVPykjLVmjrmgzabvkIkF2xQeD1JZE5fu7pEU3wsKjapUa8n9cVzxCuGIjR9J1FjNSyRne6LeKmqUUig59tFFJeSEYp6JS+vZI4Y15v5yaU8ere75Z+Da/8Jsouu8sFziQK94Mrs7as2HmFaxZ/jyk3UfsmdeL3Gbbd6uoj4QIKhFC0EUz7s8f20SuK4Y0gCenD6AWR4TzvypZi1BjwzCufGHnlu1Dd7ogCntAxqe7v7yK4s18OT0Mndxfqsiw==",
            "tags": null,
            "tags_all": {}
          },
          "sensitive_attributes": [],
          "private": "eyJzY2hlbWFfdmVyc2lvbiI6IjEifQ==",
          "dependencies": [
            "tls_private_key.example"
          ]
        }
      ]
    },
    {
      "mode": "managed",
      "type": "local_file",
      "name": "private_key",
      "provider": "provider[\"registry.terraform.io/hashicorp/local\"]",
      "instances": [
        {
          "schema_version": 0,
          "attributes": {
            "content": "-----BEGIN RSA PRIVATE KEY-----\nMIIJKgIBAAKCAgEA3AbtX9Si0Z+niii7fDSOrjgt+jiWBExxF7VSM0FtW/+UBW5g\nKXmK7ptoKqgDQFOfv2VE3HzG7uF+D9CSH3X8X8++9/H7/SWGR3mQNuf33cGI7AO/\nSWLKFMjdYSfQYrfPDtqRFLyMbHrOVCphTU9B5eTOe6MJWq+Jr5rcRrs4IBE6dcTV\nWIPhYDFGRPZyZdxGO+UwITRTKmvRjgtq5W560ftHqna2N8Go7YFRQ0pS2xnAtK3j\nAmBZhklDEJoIzPIWb+8eCyLgXoqmxc4nPxcHwpN0QnGLXMAOs4xOqfuE+roRMvA5\nXima8STq3/+xyQoOlY69FaTv2aDx+3AJU0Xfr0y454DlFsj+5YF44RQVKMZOz540\nmKtxKVF6wJ3RTAmyI90rElLD6lkvjON3nm5rMsJLsR/aYaY1/ZVpSay7UxVgYw1T\n8pIy1Zo65oM2m75CJBdsUHg9SWROX7u6RFN8LCo2qVGvJ/XFc8QrhiI0fSdRYzUs\nkZ3ui3ipqlFIoOfbRRSXkhGKeiUvr2SOGNeb+cmlPHq3u+Wfg2v/CbKLrvLBc4kC\nveDK7O2rNh5hWsWf48pN1H7JnXi9xm23erqI+ECCoRQtBFM+7PH9tEriuGNIAnpw\n+gFkeE878qWYtQY8Mwrnxh55btQ3e6IAp7QManu7+8iuLNfDk9DJ3cX6rIsCAwEA\nAQKCAgEA2OzHeTSl9e/m+TKhbZpPlXpz8f95//DxiwNMcJYv4IUBBb3Fdv6KuCZl\ns7CDzBbmJ4gLNSqb4wZUB/mFJxlm4Xtrdv6PhwxI8Azs3wUiffKCMNac8BhCze0f\nPdtH+xvnO2jHot8lvwnwhFBoMBVVDffgj0q1PUBVidkvFVkdw5fYwCV4hdU4DWNn\nOTSUotJiOEkEg6gX2noEV3vwPxUGaCHKjUiO7De1ebuGR8ZuG++u6zOI3V3qxZdT\nVHnY9V40OtVQFIClHvCp7dkLHotxLie8domFccM0e1Z4c+QzPhLWRBdNKAXy6Y6R\nNpjcSi3tJQxeZYmAo1qnWFMkDoKUPWaWDXxH2wsC7s3PVPesQ2VSpVDoeMmP7xUO\ndEjqM+8Xkx5W6eVytegEEzI/GU2G26Tj8zkoZXwGo7zcs6x+mIUjqMo8pIBdCQEe\nQonvgSY0NfRlF3i9uKyFUtVRV6zFh0AyTeI6CBe437mVnwru6AP/gKOD3zY87dH6\n4olh3ConlVUfBnX4z43KisNTq/8/+s0bHsUaalleR1Cf6HMVY7usIFGvXSSTvwda\nF+ZXY2rMPWA52aR/mMwT8izXtZd+b0SDWYbslbn6CS34P0cyiweNJu16KQVbdlBo\n1MiCdS/6bgC/RQjZHFhrsJc/UA78ZHLFgbfYyrCtBOSyyGk91HkCggEBAPxSmn85\ndvqkTfHO5JUJePEUt30+2/2JFmgQh9/7bMa7vm8J6rOPyxt3jxg82gwu7GdrLo+t\n4+b7S35j1iJ5C4Gw15O8jn9fJNkvUNfHK0qwtpTE4PD0/MXsLEoN8IPVL4ZAn8Ak\nwAbLfa0haQBZey49nO2BxPVlN6jnLCj40hLwQa51TdGJzWFUW25HMPF8q1SjivM4\n7vSLliOVxwbQsFNTXZFONXwPJHhN83Vw30kPuOcCdwJ2nbnl3sMs/dH3qTPcurN/\n438WlT0bQ3U+19B2IIebM2U4SnvQH3mrQgxZC9V/eye7n1mf2EqhxuM3yzwF/1KI\np87Lole4cXmfHnUCggEBAN871M/7ISLIBEXg0Wm0g3arIATanTFZQ14hgDUig761\nC5lU4ucTptDNUHX2Cgm/EcJ/hL/zIEbNYC0u6oD7kJo+AS4TsYD+Wzd9XkFyQYWo\nScYz7znb9ZZaP2oxLc+HVoJA85bDUdB5A7rCDK37R2BnzZsP97CTKzyPDzL852Bm\nKOmvNdYJWIByL1FJm1ASU5t9hh7DAGLGOnXEkc8RkO/mW5z/z/vo9Ljbe39uijmD\nxQOGWEQoQFMBWtwUNgfQ8rzfqJWb3O3I+riffjVqXwKWrgP2cOKTiMyM6EGbX1q0\nnGvWQ65dt9PJL/p/HsHcMh8XbEbwz3TTGxZj981PPv8CggEBAMG1hMiRTEdFplUy\neYf1erTSK7/qZydwfBQuRLHuquazMZK7cUSi6tHOaru308owp+sJfPhvDhzA5YdF\njBpxBSVup0HTKy6b04Us7wqI7DJuEe2KbApwejJUivfbVb9QBikyKbJwRD+zL2uf\nz6WmDIxGXthznMqsBxwTRXK6+0Pw0OvnQHPSMCs9gOfbnbZ2+G2FFGJ/Xeu90ejF\nzsLrqcJ+qMGp4iO42E3HwlVx7ul/OXuYB9eLSrFxyR/bxYzRbkPTfD3bu8JQiwgb\niyFSuopedcDFpKJbocsFz3QvxwgFwLEKKnkpcD91GK7LHg5IQi11iTtKkFGRQbPI\ndM1jHBUCggEAZADaqj1XL8yo1WEMjy0Vw6CPnH0O9F+HpXCeja8jk9hpFMyJRXlx\nPpLrm5yYDJuy6g3UO2VALVet4S/mT9fihKaIQssBtsa7uFUKV4lGvwiP3CHB5oqa\nLzvIstrLKe/4Givcs8pWKW089Xoe0gYCiLaXzgJONKUJNnzkEzRmtrGtXFpoZLUV\nF52PgvvVfv5mw/5sifVTg+xHniBsLXYyFrZ8jg2vb6uBjhqM7Z5of7F/HcAeZJIf\nls/Bk1vehIvfYitTy4niZAeoAfM5R9aaL3+u/wl0spvjKbdqCJIBGpJUjJ6U/VTw\nmAjF3JL8BV6OeY01rWYNmclEljg8d5YrowKCAQEA3THrwRy8EGTrYEHpupVYsocu\nJqUllim27Py/v7d95PnCSb57LnR3kt6oYgxHbLKSvoGhCThaGM+1HPOeD59VELsR\nWcHu0xK6iMse9cOx9KF9E9zVX2jlzMZYOPWuabSiAXMlgXmMc/WC2HlAo+PfePRt\nWiwtCBmGhbn57+AW3L5Ay2ZbpQd3H7bKGeJqBPKsA5iZLLbVpEDSfLxND7BhH9i8\n7HQY86UoStBzY//0h9Fx8DuXtekfwr62wKWH9rpQ3a5A41WIRixDNciuiSxUm71X\nJyrLgaJ+mQQrN+Pv5T3Y1aWbPP6BLJmuqJg9d64OuYDc2CTtytM9hso+jUlIEg==\n-----END RSA PRIVATE KEY-----\n",
            "content_base64": null,
            "content_base64sha256": "4olRYOs7PwD5KznVlsM01u+1oUqbM7UG1B20K/oMAh0=",
            "content_base64sha512": "Vwvf29eDo47KaS4uLI4Kr7tcJqFCi8gnALVT29caoluoszhajUFcSd97OaetNRJrNecZakAQPBLkH5lCXJGEIw==",
            "content_md5": "dedc74fa72d40c9b741cdcaa6c5a7b60",
            "content_sha1": "b98808e4172d167c65a7c4a9f4a2f8ea37092f41",
            "content_sha256": "e2895160eb3b3f00f92b39d596c334d6efb5a14a9b33b506d41db42bfa0c021d",
            "content_sha512": "570bdfdbd783a38eca692e2e2c8e0aafbb5c26a1428bc82700b553dbd71aa25ba8b3385a8d415c49df7b39a7ad35126b35e7196a40103c12e41f99425c918423",
            "directory_permission": "0777",
            "file_permission": "0600",
            "filename": "./my-key-pair.pem",
            "id": "b98808e4172d167c65a7c4a9f4a2f8ea37092f41",
            "sensitive_content": null,
            "source": null
          },
          "sensitive_attributes": [
            [
              {
                "type": "get_attr",
                "value": "content"
              }
            ],
            [
              {
                "type": "get_attr",
                "value": "sensitive_content"
              }
            ]
          ],
          "dependencies": [
            "tls_private_key.example"
          ]
        }
      ]
    },
    {
      "mode": "managed",
      "type": "tls_private_key",
      "name": "example",
      "provider": "provider[\"registry.terraform.io/hashicorp/tls\"]",
      "instances": [
        {
          "schema_version": 1,
          "attributes": {
            "algorithm": "RSA",
            "ecdsa_curve": "P224",
            "id": "b5ae63b0e7d5fdd8cba587b54c4aca24e26ddca8",
            "private_key_openssh": "-----BEGIN OPENSSH PRIVATE KEY-----\nb3BlbnNzaC1rZXktdjEAAAAABG5vbmUAAAAEbm9uZQAAAAAAAAABAAACFwAAAAdz\nc2gtcnNhAAAAAwEAAQAAAgEA3AbtX9Si0Z+niii7fDSOrjgt+jiWBExxF7VSM0Ft\nW/+UBW5gKXmK7ptoKqgDQFOfv2VE3HzG7uF+D9CSH3X8X8++9/H7/SWGR3mQNuf3\n3cGI7AO/SWLKFMjdYSfQYrfPDtqRFLyMbHrOVCphTU9B5eTOe6MJWq+Jr5rcRrs4\nIBE6dcTVWIPhYDFGRPZyZdxGO+UwITRTKmvRjgtq5W560ftHqna2N8Go7YFRQ0pS\n2xnAtK3jAmBZhklDEJoIzPIWb+8eCyLgXoqmxc4nPxcHwpN0QnGLXMAOs4xOqfuE\n+roRMvA5Xima8STq3/+xyQoOlY69FaTv2aDx+3AJU0Xfr0y454DlFsj+5YF44RQV\nKMZOz540mKtxKVF6wJ3RTAmyI90rElLD6lkvjON3nm5rMsJLsR/aYaY1/ZVpSay7\nUxVgYw1T8pIy1Zo65oM2m75CJBdsUHg9SWROX7u6RFN8LCo2qVGvJ/XFc8QrhiI0\nfSdRYzUskZ3ui3ipqlFIoOfbRRSXkhGKeiUvr2SOGNeb+cmlPHq3u+Wfg2v/CbKL\nrvLBc4kCveDK7O2rNh5hWsWf48pN1H7JnXi9xm23erqI+ECCoRQtBFM+7PH9tEri\nuGNIAnpw+gFkeE878qWYtQY8Mwrnxh55btQ3e6IAp7QManu7+8iuLNfDk9DJ3cX6\nrIsAAAc43NjnSdzY50kAAAAHc3NoLXJzYQAAAgEA3AbtX9Si0Z+niii7fDSOrjgt\n+jiWBExxF7VSM0FtW/+UBW5gKXmK7ptoKqgDQFOfv2VE3HzG7uF+D9CSH3X8X8++\n9/H7/SWGR3mQNuf33cGI7AO/SWLKFMjdYSfQYrfPDtqRFLyMbHrOVCphTU9B5eTO\ne6MJWq+Jr5rcRrs4IBE6dcTVWIPhYDFGRPZyZdxGO+UwITRTKmvRjgtq5W560ftH\nqna2N8Go7YFRQ0pS2xnAtK3jAmBZhklDEJoIzPIWb+8eCyLgXoqmxc4nPxcHwpN0\nQnGLXMAOs4xOqfuE+roRMvA5Xima8STq3/+xyQoOlY69FaTv2aDx+3AJU0Xfr0y4\n54DlFsj+5YF44RQVKMZOz540mKtxKVF6wJ3RTAmyI90rElLD6lkvjON3nm5rMsJL\nsR/aYaY1/ZVpSay7UxVgYw1T8pIy1Zo65oM2m75CJBdsUHg9SWROX7u6RFN8LCo2\nqVGvJ/XFc8QrhiI0fSdRYzUskZ3ui3ipqlFIoOfbRRSXkhGKeiUvr2SOGNeb+cml\nPHq3u+Wfg2v/CbKLrvLBc4kCveDK7O2rNh5hWsWf48pN1H7JnXi9xm23erqI+ECC\noRQtBFM+7PH9tEriuGNIAnpw+gFkeE878qWYtQY8Mwrnxh55btQ3e6IAp7QManu7\n+8iuLNfDk9DJ3cX6rIsAAAADAQABAAACAQDY7Md5NKX17+b5MqFtmk+VenPx/3n/\n8PGLA0xwli/ghQEFvcV2/oq4JmWzsIPMFuYniAs1KpvjBlQH+YUnGWbhe2t2/o+H\nDEjwDOzfBSJ98oIw1pzwGELN7R8920f7G+c7aMei3yW/CfCEUGgwFVUN9+CPSrU9\nQFWJ2S8VWR3Dl9jAJXiF1TgNY2c5NJSi0mI4SQSDqBfaegRXe/A/FQZoIcqNSI7s\nN7V5u4ZHxm4b767rM4jdXerFl1NUedj1XjQ61VAUgKUe8Knt2Qsei3EuJ7x2iYVx\nwzR7Vnhz5DM+EtZEF00oBfLpjpE2mNxKLe0lDF5liYCjWqdYUyQOgpQ9ZpYNfEfb\nCwLuzc9U96xDZVKlUOh4yY/vFQ50SOoz7xeTHlbp5XK16AQTMj8ZTYbbpOPzOShl\nfAajvNyzrH6YhSOoyjykgF0JAR5Cie+BJjQ19GUXeL24rIVS1VFXrMWHQDJN4joI\nF7jfuZWfCu7oA/+Ao4PfNjzt0friiWHcKieVVR8GdfjPjcqKw1Or/z/6zRsexRpq\nWV5HUJ/ocxVju6wgUa9dJJO/B1oX5ldjasw9YDnZpH+YzBPyLNe1l35vRINZhuyV\nufoJLfg/RzKLB40m7XopBVt2UGjUyIJ1L/puAL9FCNkcWGuwlz9QDvxkcsWBt9jK\nsK0E5LLIaT3UeQAAAQEA3THrwRy8EGTrYEHpupVYsocuJqUllim27Py/v7d95PnC\nSb57LnR3kt6oYgxHbLKSvoGhCThaGM+1HPOeD59VELsRWcHu0xK6iMse9cOx9KF9\nE9zVX2jlzMZYOPWuabSiAXMlgXmMc/WC2HlAo+PfePRtWiwtCBmGhbn57+AW3L5A\ny2ZbpQd3H7bKGeJqBPKsA5iZLLbVpEDSfLxND7BhH9i87HQY86UoStBzY//0h9Fx\n8DuXtekfwr62wKWH9rpQ3a5A41WIRixDNciuiSxUm71XJyrLgaJ+mQQrN+Pv5T3Y\n1aWbPP6BLJmuqJg9d64OuYDc2CTtytM9hso+jUlIEgAAAQEA/FKafzl2+qRN8c7k\nlQl48RS3fT7b/YkWaBCH3/tsxru+bwnqs4/LG3ePGDzaDC7sZ2suj63j5vtLfmPW\nInkLgbDXk7yOf18k2S9Q18crSrC2lMTg8PT8xewsSg3wg9UvhkCfwCTABst9rSFp\nAFl7Lj2c7YHE9WU3qOcsKPjSEvBBrnVN0YnNYVRbbkcw8XyrVKOK8zju9IuWI5XH\nBtCwU1NdkU41fA8keE3zdXDfSQ+45wJ3AnadueXewyz90fepM9y6s3/jfxaVPRtD\ndT7X0HYgh5szZThKe9AfeatCDFkL1X97J7ufWZ/YSqHG4zfLPAX/UoinzsuiV7hx\neZ8edQAAAQEA3zvUz/shIsgEReDRabSDdqsgBNqdMVlDXiGANSKDvrULmVTi5xOm\n0M1QdfYKCb8Rwn+Ev/MgRs1gLS7qgPuQmj4BLhOxgP5bN31eQXJBhahJxjPvOdv1\nllo/ajEtz4dWgkDzlsNR0HkDusIMrftHYGfNmw/3sJMrPI8PMvznYGYo6a811glY\ngHIvUUmbUBJTm32GHsMAYsY6dcSRzxGQ7+ZbnP/P++j0uNt7f26KOYPFA4ZYRChA\nUwFa3BQ2B9DyvN+olZvc7cj6uJ9+NWpfApauA/Zw4pOIzIzoQZtfWrSca9ZDrl23\n08kv+n8ewdwyHxdsRvDPdNMbFmP3zU8+/wAAAAAB\n-----END OPENSSH PRIVATE KEY-----\n",
            "private_key_pem": "-----BEGIN RSA PRIVATE KEY-----\nMIIJKgIBAAKCAgEA3AbtX9Si0Z+niii7fDSOrjgt+jiWBExxF7VSM0FtW/+UBW5g\nKXmK7ptoKqgDQFOfv2VE3HzG7uF+D9CSH3X8X8++9/H7/SWGR3mQNuf33cGI7AO/\nSWLKFMjdYSfQYrfPDtqRFLyMbHrOVCphTU9B5eTOe6MJWq+Jr5rcRrs4IBE6dcTV\nWIPhYDFGRPZyZdxGO+UwITRTKmvRjgtq5W560ftHqna2N8Go7YFRQ0pS2xnAtK3j\nAmBZhklDEJoIzPIWb+8eCyLgXoqmxc4nPxcHwpN0QnGLXMAOs4xOqfuE+roRMvA5\nXima8STq3/+xyQoOlY69FaTv2aDx+3AJU0Xfr0y454DlFsj+5YF44RQVKMZOz540\nmKtxKVF6wJ3RTAmyI90rElLD6lkvjON3nm5rMsJLsR/aYaY1/ZVpSay7UxVgYw1T\n8pIy1Zo65oM2m75CJBdsUHg9SWROX7u6RFN8LCo2qVGvJ/XFc8QrhiI0fSdRYzUs\nkZ3ui3ipqlFIoOfbRRSXkhGKeiUvr2SOGNeb+cmlPHq3u+Wfg2v/CbKLrvLBc4kC\nveDK7O2rNh5hWsWf48pN1H7JnXi9xm23erqI+ECCoRQtBFM+7PH9tEriuGNIAnpw\n+gFkeE878qWYtQY8Mwrnxh55btQ3e6IAp7QManu7+8iuLNfDk9DJ3cX6rIsCAwEA\nAQKCAgEA2OzHeTSl9e/m+TKhbZpPlXpz8f95//DxiwNMcJYv4IUBBb3Fdv6KuCZl\ns7CDzBbmJ4gLNSqb4wZUB/mFJxlm4Xtrdv6PhwxI8Azs3wUiffKCMNac8BhCze0f\nPdtH+xvnO2jHot8lvwnwhFBoMBVVDffgj0q1PUBVidkvFVkdw5fYwCV4hdU4DWNn\nOTSUotJiOEkEg6gX2noEV3vwPxUGaCHKjUiO7De1ebuGR8ZuG++u6zOI3V3qxZdT\nVHnY9V40OtVQFIClHvCp7dkLHotxLie8domFccM0e1Z4c+QzPhLWRBdNKAXy6Y6R\nNpjcSi3tJQxeZYmAo1qnWFMkDoKUPWaWDXxH2wsC7s3PVPesQ2VSpVDoeMmP7xUO\ndEjqM+8Xkx5W6eVytegEEzI/GU2G26Tj8zkoZXwGo7zcs6x+mIUjqMo8pIBdCQEe\nQonvgSY0NfRlF3i9uKyFUtVRV6zFh0AyTeI6CBe437mVnwru6AP/gKOD3zY87dH6\n4olh3ConlVUfBnX4z43KisNTq/8/+s0bHsUaalleR1Cf6HMVY7usIFGvXSSTvwda\nF+ZXY2rMPWA52aR/mMwT8izXtZd+b0SDWYbslbn6CS34P0cyiweNJu16KQVbdlBo\n1MiCdS/6bgC/RQjZHFhrsJc/UA78ZHLFgbfYyrCtBOSyyGk91HkCggEBAPxSmn85\ndvqkTfHO5JUJePEUt30+2/2JFmgQh9/7bMa7vm8J6rOPyxt3jxg82gwu7GdrLo+t\n4+b7S35j1iJ5C4Gw15O8jn9fJNkvUNfHK0qwtpTE4PD0/MXsLEoN8IPVL4ZAn8Ak\nwAbLfa0haQBZey49nO2BxPVlN6jnLCj40hLwQa51TdGJzWFUW25HMPF8q1SjivM4\n7vSLliOVxwbQsFNTXZFONXwPJHhN83Vw30kPuOcCdwJ2nbnl3sMs/dH3qTPcurN/\n438WlT0bQ3U+19B2IIebM2U4SnvQH3mrQgxZC9V/eye7n1mf2EqhxuM3yzwF/1KI\np87Lole4cXmfHnUCggEBAN871M/7ISLIBEXg0Wm0g3arIATanTFZQ14hgDUig761\nC5lU4ucTptDNUHX2Cgm/EcJ/hL/zIEbNYC0u6oD7kJo+AS4TsYD+Wzd9XkFyQYWo\nScYz7znb9ZZaP2oxLc+HVoJA85bDUdB5A7rCDK37R2BnzZsP97CTKzyPDzL852Bm\nKOmvNdYJWIByL1FJm1ASU5t9hh7DAGLGOnXEkc8RkO/mW5z/z/vo9Ljbe39uijmD\nxQOGWEQoQFMBWtwUNgfQ8rzfqJWb3O3I+riffjVqXwKWrgP2cOKTiMyM6EGbX1q0\nnGvWQ65dt9PJL/p/HsHcMh8XbEbwz3TTGxZj981PPv8CggEBAMG1hMiRTEdFplUy\neYf1erTSK7/qZydwfBQuRLHuquazMZK7cUSi6tHOaru308owp+sJfPhvDhzA5YdF\njBpxBSVup0HTKy6b04Us7wqI7DJuEe2KbApwejJUivfbVb9QBikyKbJwRD+zL2uf\nz6WmDIxGXthznMqsBxwTRXK6+0Pw0OvnQHPSMCs9gOfbnbZ2+G2FFGJ/Xeu90ejF\nzsLrqcJ+qMGp4iO42E3HwlVx7ul/OXuYB9eLSrFxyR/bxYzRbkPTfD3bu8JQiwgb\niyFSuopedcDFpKJbocsFz3QvxwgFwLEKKnkpcD91GK7LHg5IQi11iTtKkFGRQbPI\ndM1jHBUCggEAZADaqj1XL8yo1WEMjy0Vw6CPnH0O9F+HpXCeja8jk9hpFMyJRXlx\nPpLrm5yYDJuy6g3UO2VALVet4S/mT9fihKaIQssBtsa7uFUKV4lGvwiP3CHB5oqa\nLzvIstrLKe/4Givcs8pWKW089Xoe0gYCiLaXzgJONKUJNnzkEzRmtrGtXFpoZLUV\nF52PgvvVfv5mw/5sifVTg+xHniBsLXYyFrZ8jg2vb6uBjhqM7Z5of7F/HcAeZJIf\nls/Bk1vehIvfYitTy4niZAeoAfM5R9aaL3+u/wl0spvjKbdqCJIBGpJUjJ6U/VTw\nmAjF3JL8BV6OeY01rWYNmclEljg8d5YrowKCAQEA3THrwRy8EGTrYEHpupVYsocu\nJqUllim27Py/v7d95PnCSb57LnR3kt6oYgxHbLKSvoGhCThaGM+1HPOeD59VELsR\nWcHu0xK6iMse9cOx9KF9E9zVX2jlzMZYOPWuabSiAXMlgXmMc/WC2HlAo+PfePRt\nWiwtCBmGhbn57+AW3L5Ay2ZbpQd3H7bKGeJqBPKsA5iZLLbVpEDSfLxND7BhH9i8\n7HQY86UoStBzY//0h9Fx8DuXtekfwr62wKWH9rpQ3a5A41WIRixDNciuiSxUm71X\nJyrLgaJ+mQQrN+Pv5T3Y1aWbPP6BLJmuqJg9d64OuYDc2CTtytM9hso+jUlIEg==\n-----END RSA PRIVATE KEY-----\n",
            "private_key_pem_pkcs8": "-----BEGIN PRIVATE KEY-----\nMIIJRAIBADANBgkqhkiG9w0BAQEFAASCCS4wggkqAgEAAoICAQDcBu1f1KLRn6eK\nKLt8NI6uOC36OJYETHEXtVIzQW1b/5QFbmApeYrum2gqqANAU5+/ZUTcfMbu4X4P\n0JIfdfxfz7738fv9JYZHeZA25/fdwYjsA79JYsoUyN1hJ9Bit88O2pEUvIxses5U\nKmFNT0Hl5M57owlar4mvmtxGuzggETp1xNVYg+FgMUZE9nJl3EY75TAhNFMqa9GO\nC2rlbnrR+0eqdrY3wajtgVFDSlLbGcC0reMCYFmGSUMQmgjM8hZv7x4LIuBeiqbF\nzic/FwfCk3RCcYtcwA6zjE6p+4T6uhEy8DleKZrxJOrf/7HJCg6Vjr0VpO/ZoPH7\ncAlTRd+vTLjngOUWyP7lgXjhFBUoxk7PnjSYq3EpUXrAndFMCbIj3SsSUsPqWS+M\n43eebmsywkuxH9phpjX9lWlJrLtTFWBjDVPykjLVmjrmgzabvkIkF2xQeD1JZE5f\nu7pEU3wsKjapUa8n9cVzxCuGIjR9J1FjNSyRne6LeKmqUUig59tFFJeSEYp6JS+v\nZI4Y15v5yaU8ere75Z+Da/8Jsouu8sFziQK94Mrs7as2HmFaxZ/jyk3UfsmdeL3G\nbbd6uoj4QIKhFC0EUz7s8f20SuK4Y0gCenD6AWR4TzvypZi1BjwzCufGHnlu1Dd7\nogCntAxqe7v7yK4s18OT0MndxfqsiwIDAQABAoICAQDY7Md5NKX17+b5MqFtmk+V\nenPx/3n/8PGLA0xwli/ghQEFvcV2/oq4JmWzsIPMFuYniAs1KpvjBlQH+YUnGWbh\ne2t2/o+HDEjwDOzfBSJ98oIw1pzwGELN7R8920f7G+c7aMei3yW/CfCEUGgwFVUN\n9+CPSrU9QFWJ2S8VWR3Dl9jAJXiF1TgNY2c5NJSi0mI4SQSDqBfaegRXe/A/FQZo\nIcqNSI7sN7V5u4ZHxm4b767rM4jdXerFl1NUedj1XjQ61VAUgKUe8Knt2Qsei3Eu\nJ7x2iYVxwzR7Vnhz5DM+EtZEF00oBfLpjpE2mNxKLe0lDF5liYCjWqdYUyQOgpQ9\nZpYNfEfbCwLuzc9U96xDZVKlUOh4yY/vFQ50SOoz7xeTHlbp5XK16AQTMj8ZTYbb\npOPzOShlfAajvNyzrH6YhSOoyjykgF0JAR5Cie+BJjQ19GUXeL24rIVS1VFXrMWH\nQDJN4joIF7jfuZWfCu7oA/+Ao4PfNjzt0friiWHcKieVVR8GdfjPjcqKw1Or/z/6\nzRsexRpqWV5HUJ/ocxVju6wgUa9dJJO/B1oX5ldjasw9YDnZpH+YzBPyLNe1l35v\nRINZhuyVufoJLfg/RzKLB40m7XopBVt2UGjUyIJ1L/puAL9FCNkcWGuwlz9QDvxk\ncsWBt9jKsK0E5LLIaT3UeQKCAQEA/FKafzl2+qRN8c7klQl48RS3fT7b/YkWaBCH\n3/tsxru+bwnqs4/LG3ePGDzaDC7sZ2suj63j5vtLfmPWInkLgbDXk7yOf18k2S9Q\n18crSrC2lMTg8PT8xewsSg3wg9UvhkCfwCTABst9rSFpAFl7Lj2c7YHE9WU3qOcs\nKPjSEvBBrnVN0YnNYVRbbkcw8XyrVKOK8zju9IuWI5XHBtCwU1NdkU41fA8keE3z\ndXDfSQ+45wJ3AnadueXewyz90fepM9y6s3/jfxaVPRtDdT7X0HYgh5szZThKe9Af\neatCDFkL1X97J7ufWZ/YSqHG4zfLPAX/UoinzsuiV7hxeZ8edQKCAQEA3zvUz/sh\nIsgEReDRabSDdqsgBNqdMVlDXiGANSKDvrULmVTi5xOm0M1QdfYKCb8Rwn+Ev/Mg\nRs1gLS7qgPuQmj4BLhOxgP5bN31eQXJBhahJxjPvOdv1llo/ajEtz4dWgkDzlsNR\n0HkDusIMrftHYGfNmw/3sJMrPI8PMvznYGYo6a811glYgHIvUUmbUBJTm32GHsMA\nYsY6dcSRzxGQ7+ZbnP/P++j0uNt7f26KOYPFA4ZYRChAUwFa3BQ2B9DyvN+olZvc\n7cj6uJ9+NWpfApauA/Zw4pOIzIzoQZtfWrSca9ZDrl2308kv+n8ewdwyHxdsRvDP\ndNMbFmP3zU8+/wKCAQEAwbWEyJFMR0WmVTJ5h/V6tNIrv+pnJ3B8FC5Ese6q5rMx\nkrtxRKLq0c5qu7fTyjCn6wl8+G8OHMDlh0WMGnEFJW6nQdMrLpvThSzvCojsMm4R\n7YpsCnB6MlSK99tVv1AGKTIpsnBEP7Mva5/PpaYMjEZe2HOcyqwHHBNFcrr7Q/DQ\n6+dAc9IwKz2A59udtnb4bYUUYn9d673R6MXOwuupwn6owaniI7jYTcfCVXHu6X85\ne5gH14tKsXHJH9vFjNFuQ9N8Pdu7wlCLCBuLIVK6il51wMWkoluhywXPdC/HCAXA\nsQoqeSlwP3UYrsseDkhCLXWJO0qQUZFBs8h0zWMcFQKCAQBkANqqPVcvzKjVYQyP\nLRXDoI+cfQ70X4elcJ6NryOT2GkUzIlFeXE+kuubnJgMm7LqDdQ7ZUAtV63hL+ZP\n1+KEpohCywG2xru4VQpXiUa/CI/cIcHmipovO8iy2ssp7/gaK9yzylYpbTz1eh7S\nBgKItpfOAk40pQk2fOQTNGa2sa1cWmhktRUXnY+C+9V+/mbD/myJ9VOD7EeeIGwt\ndjIWtnyODa9vq4GOGoztnmh/sX8dwB5kkh+Wz8GTW96Ei99iK1PLieJkB6gB8zlH\n1povf67/CXSym+Mpt2oIkgEaklSMnpT9VPCYCMXckvwFXo55jTWtZg2ZyUSWODx3\nliujAoIBAQDdMevBHLwQZOtgQem6lViyhy4mpSWWKbbs/L+/t33k+cJJvnsudHeS\n3qhiDEdsspK+gaEJOFoYz7Uc854Pn1UQuxFZwe7TErqIyx71w7H0oX0T3NVfaOXM\nxlg49a5ptKIBcyWBeYxz9YLYeUCj49949G1aLC0IGYaFufnv4BbcvkDLZlulB3cf\ntsoZ4moE8qwDmJksttWkQNJ8vE0PsGEf2LzsdBjzpShK0HNj//SH0XHwO5e16R/C\nvrbApYf2ulDdrkDjVYhGLEM1yK6JLFSbvVcnKsuBon6ZBCs34+/lPdjVpZs8/oEs\nma6omD13rg65gNzYJO3K0z2Gyj6NSUgS\n-----END PRIVATE KEY-----\n",
            "public_key_fingerprint_md5": "01:14:4c:9d:70:41:b9:21:04:92:9d:b4:4b:7d:72:73",
            "public_key_fingerprint_sha256": "SHA256:lWLyWJcMAv6+9ZqvmMZCdNGwk1Mex314lQlEunjKEkM",
            "public_key_openssh": "ssh-rsa AAAAB3NzaC1yc2EAAAADAQABAAACAQDcBu1f1KLRn6eKKLt8NI6uOC36OJYETHEXtVIzQW1b/5QFbmApeYrum2gqqANAU5+/ZUTcfMbu4X4P0JIfdfxfz7738fv9JYZHeZA25/fdwYjsA79JYsoUyN1hJ9Bit88O2pEUvIxses5UKmFNT0Hl5M57owlar4mvmtxGuzggETp1xNVYg+FgMUZE9nJl3EY75TAhNFMqa9GOC2rlbnrR+0eqdrY3wajtgVFDSlLbGcC0reMCYFmGSUMQmgjM8hZv7x4LIuBeiqbFzic/FwfCk3RCcYtcwA6zjE6p+4T6uhEy8DleKZrxJOrf/7HJCg6Vjr0VpO/ZoPH7cAlTRd+vTLjngOUWyP7lgXjhFBUoxk7PnjSYq3EpUXrAndFMCbIj3SsSUsPqWS+M43eebmsywkuxH9phpjX9lWlJrLtTFWBjDVPykjLVmjrmgzabvkIkF2xQeD1JZE5fu7pEU3wsKjapUa8n9cVzxCuGIjR9J1FjNSyRne6LeKmqUUig59tFFJeSEYp6JS+vZI4Y15v5yaU8ere75Z+Da/8Jsouu8sFziQK94Mrs7as2HmFaxZ/jyk3UfsmdeL3Gbbd6uoj4QIKhFC0EUz7s8f20SuK4Y0gCenD6AWR4TzvypZi1BjwzCufGHnlu1Dd7ogCntAxqe7v7yK4s18OT0Mndxfqsiw==\n",
            "public_key_pem": "-----BEGIN PUBLIC KEY-----\nMIICIjANBgkqhkiG9w0BAQEFAAOCAg8AMIICCgKCAgEA3AbtX9Si0Z+niii7fDSO\nrjgt+jiWBExxF7VSM0FtW/+UBW5gKXmK7ptoKqgDQFOfv2VE3HzG7uF+D9CSH3X8\nX8++9/H7/SWGR3mQNuf33cGI7AO/SWLKFMjdYSfQYrfPDtqRFLyMbHrOVCphTU9B\n5eTOe6MJWq+Jr5rcRrs4IBE6dcTVWIPhYDFGRPZyZdxGO+UwITRTKmvRjgtq5W56\n0ftHqna2N8Go7YFRQ0pS2xnAtK3jAmBZhklDEJoIzPIWb+8eCyLgXoqmxc4nPxcH\nwpN0QnGLXMAOs4xOqfuE+roRMvA5Xima8STq3/+xyQoOlY69FaTv2aDx+3AJU0Xf\nr0y454DlFsj+5YF44RQVKMZOz540mKtxKVF6wJ3RTAmyI90rElLD6lkvjON3nm5r\nMsJLsR/aYaY1/ZVpSay7UxVgYw1T8pIy1Zo65oM2m75CJBdsUHg9SWROX7u6RFN8\nLCo2qVGvJ/XFc8QrhiI0fSdRYzUskZ3ui3ipqlFIoOfbRRSXkhGKeiUvr2SOGNeb\n+cmlPHq3u+Wfg2v/CbKLrvLBc4kCveDK7O2rNh5hWsWf48pN1H7JnXi9xm23erqI\n+ECCoRQtBFM+7PH9tEriuGNIAnpw+gFkeE878qWYtQY8Mwrnxh55btQ3e6IAp7QM\nanu7+8iuLNfDk9DJ3cX6rIsCAwEAAQ==\n-----END PUBLIC KEY-----\n",
            "rsa_bits": 4096
          },
          "sensitive_attributes": [
            [
              {
                "type": "get_attr",
                "value": "private_key_pem_pkcs8"
              }
            ],
            [
              {
                "type": "get_attr",
                "value": "private_key_openssh"
              }
            ],
            [
              {
                "type": "get_attr",
                "value": "private_key_pem"
              }
            ]
          ]
        }
      ]
    },
    {
      "module": "module.cloudwatch",
      "mode": "managed",
      "type": "aws_cloudwatch_metric_alarm",
      "name": "high_cpu",
      "provider": "provider[\"registry.terraform.io/hashicorp/aws\"]",
      "instances": [
        {
          "schema_version": 1,
          "attributes": {
            "actions_enabled": true,
            "alarm_actions": [
              "arn:aws:sns:us-east-1:975049887972:cpu-utilization-alerts"
            ],
            "alarm_description": "This metric monitors the CPU utilization of the EC2 instance.",
            "alarm_name": "high-cpu-utilization",
            "arn": "arn:aws:cloudwatch:us-east-1:975049887972:alarm:high-cpu-utilization",
            "comparison_operator": "GreaterThanOrEqualToThreshold",
            "datapoints_to_alarm": 0,
            "dimensions": {
              "InstanceId": "i-07634f3c3c210ccb5"
            },
            "evaluate_low_sample_count_percentiles": "",
            "evaluation_periods": 1,
            "extended_statistic": "",
            "id": "high-cpu-utilization",
            "insufficient_data_actions": null,
            "metric_name": "CPUUtilization",
            "metric_query": [],
            "namespace": "AWS/EC2",
            "ok_actions": null,
            "period": 300,
            "statistic": "Average",
            "tags": null,
            "tags_all": {},
            "threshold": 70,
            "threshold_metric_id": "",
            "treat_missing_data": "missing",
            "unit": ""
          },
          "sensitive_attributes": [],
          "private": "eyJzY2hlbWFfdmVyc2lvbiI6IjEifQ==",
          "dependencies": [
            "aws_key_pair.generated_key",
            "module.cloudwatch.aws_sns_topic.alerts",
            "module.ec2.aws_instance.app",
            "module.security_group.aws_security_group.allow_all",
            "module.vpc.aws_subnet.subnet",
            "module.vpc.aws_vpc.main",
            "tls_private_key.example"
          ]
        }
      ]
    },
    {
      "module": "module.cloudwatch",
      "mode": "managed",
      "type": "aws_sns_topic",
      "name": "alerts",
      "provider": "provider[\"registry.terraform.io/hashicorp/aws\"]",
      "instances": [
        {
          "schema_version": 0,
          "attributes": {
            "application_failure_feedback_role_arn": "",
            "application_success_feedback_role_arn": "",
            "application_success_feedback_sample_rate": 0,
            "arn": "arn:aws:sns:us-east-1:975049887972:cpu-utilization-alerts",
            "content_based_deduplication": false,
            "delivery_policy": "",
            "display_name": "",
            "fifo_topic": false,
            "firehose_failure_feedback_role_arn": "",
            "firehose_success_feedback_role_arn": "",
            "firehose_success_feedback_sample_rate": 0,
            "http_failure_feedback_role_arn": "",
            "http_success_feedback_role_arn": "",
            "http_success_feedback_sample_rate": 0,
            "id": "arn:aws:sns:us-east-1:975049887972:cpu-utilization-alerts",
            "kms_master_key_id": "",
            "lambda_failure_feedback_role_arn": "",
            "lambda_success_feedback_role_arn": "",
            "lambda_success_feedback_sample_rate": 0,
            "name": "cpu-utilization-alerts",
            "name_prefix": "",
            "owner": "975049887972",
            "policy": "{\"Id\":\"__default_policy_ID\",\"Statement\":[{\"Action\":[\"SNS:GetTopicAttributes\",\"SNS:SetTopicAttributes\",\"SNS:AddPermission\",\"SNS:RemovePermission\",\"SNS:DeleteTopic\",\"SNS:Subscribe\",\"SNS:ListSubscriptionsByTopic\",\"SNS:Publish\"],\"Condition\":{\"StringEquals\":{\"AWS:SourceOwner\":\"975049887972\"}},\"Effect\":\"Allow\",\"Principal\":{\"AWS\":\"*\"},\"Resource\":\"arn:aws:sns:us-east-1:975049887972:cpu-utilization-alerts\",\"Sid\":\"__default_statement_ID\"}],\"Version\":\"2008-10-17\"}",
            "signature_version": 0,
            "sqs_failure_feedback_role_arn": "",
            "sqs_success_feedback_role_arn": "",
            "sqs_success_feedback_sample_rate": 0,
            "tags": null,
            "tags_all": {},
            "tracing_config": ""
          },
          "sensitive_attributes": [],
          "private": "bnVsbA=="
        }
      ]
    },
    {
      "module": "module.cloudwatch",
      "mode": "managed",
      "type": "aws_sns_topic_subscription",
      "name": "email",
      "provider": "provider[\"registry.terraform.io/hashicorp/aws\"]",
      "instances": [
        {
          "schema_version": 0,
          "attributes": {
            "arn": "arn:aws:sns:us-east-1:975049887972:cpu-utilization-alerts:e6db56cf-8e95-44fc-95a8-06eaf24c5dd6",
            "confirmation_timeout_in_minutes": 1,
            "confirmation_was_authenticated": false,
            "delivery_policy": "",
            "endpoint": "alyaabadr266@gmail.com",
            "endpoint_auto_confirms": false,
            "filter_policy": "",
            "filter_policy_scope": "",
            "id": "arn:aws:sns:us-east-1:975049887972:cpu-utilization-alerts:e6db56cf-8e95-44fc-95a8-06eaf24c5dd6",
            "owner_id": "975049887972",
            "pending_confirmation": true,
            "protocol": "email",
            "raw_message_delivery": false,
            "redrive_policy": "",
            "subscription_role_arn": "",
            "topic_arn": "arn:aws:sns:us-east-1:975049887972:cpu-utilization-alerts"
          },
          "sensitive_attributes": [],
          "private": "bnVsbA==",
          "dependencies": [
            "module.cloudwatch.aws_sns_topic.alerts"
          ]
        }
      ]
    },
    {
      "module": "module.ec2",
      "mode": "managed",
      "type": "aws_instance",
      "name": "app",
      "provider": "provider[\"registry.terraform.io/hashicorp/aws\"]",
      "instances": [
        {
          "index_key": 0,
          "schema_version": 1,
          "attributes": {
            "ami": "ami-04b70fa74e45c3917",
            "arn": "arn:aws:ec2:us-east-1:975049887972:instance/i-07634f3c3c210ccb5",
            "associate_public_ip_address": true,
            "availability_zone": "us-east-1a",
            "capacity_reservation_specification": [
              {
                "capacity_reservation_preference": "open",
                "capacity_reservation_target": []
              }
            ],
            "cpu_core_count": 1,
            "cpu_options": [
              {
                "amd_sev_snp": "",
                "core_count": 1,
                "threads_per_core": 1
              }
            ],
            "cpu_threads_per_core": 1,
            "credit_specification": [
              {
                "cpu_credits": "standard"
              }
            ],
            "disable_api_stop": false,
            "disable_api_termination": false,
            "ebs_block_device": [],
            "ebs_optimized": false,
            "enclave_options": [
              {
                "enabled": false
              }
            ],
            "ephemeral_block_device": [],
            "get_password_data": false,
            "hibernation": false,
            "host_id": "",
            "host_resource_group_arn": null,
            "iam_instance_profile": "",
            "id": "i-07634f3c3c210ccb5",
            "instance_initiated_shutdown_behavior": "stop",
            "instance_state": "running",
            "instance_type": "t2.micro",
            "ipv6_address_count": 0,
            "ipv6_addresses": [],
            "key_name": "my-generated-key",
            "launch_template": [],
            "maintenance_options": [
              {
                "auto_recovery": "default"
              }
            ],
            "metadata_options": [
              {
                "http_endpoint": "enabled",
                "http_put_response_hop_limit": 2,
                "http_tokens": "required",
                "instance_metadata_tags": "disabled"
              }
            ],
            "monitoring": false,
            "network_interface": [],
            "outpost_arn": "",
            "password_data": "",
            "placement_group": "",
            "placement_partition_number": 0,
            "primary_network_interface_id": "eni-0dfc6b912abb854c4",
            "private_dns": "ip-10-0-1-245.ec2.internal",
            "private_dns_name_options": [
              {
                "enable_resource_name_dns_a_record": false,
                "enable_resource_name_dns_aaaa_record": false,
                "hostname_type": "ip-name"
              }
            ],
            "private_ip": "10.0.1.245",
            "public_dns": "",
            "public_ip": "54.211.17.93",
            "root_block_device": [
              {
                "delete_on_termination": true,
                "device_name": "/dev/sda1",
                "encrypted": false,
                "iops": 3000,
                "kms_key_id": "",
                "tags": {},
                "throughput": 125,
                "volume_id": "vol-0c00f0252c3952a9f",
                "volume_size": 8,
                "volume_type": "gp3"
              }
            ],
            "secondary_private_ips": [],
            "security_groups": [
              "sg-00fcad3eea7d40521"
            ],
            "source_dest_check": true,
            "subnet_id": "subnet-0b5e1a2146bcd338c",
            "tags": {
              "Name": "app-instance-0"
            },
            "tags_all": {
              "Name": "app-instance-0"
            },
            "tenancy": "default",
            "timeouts": null,
            "user_data": null,
            "user_data_base64": null,
            "user_data_replace_on_change": false,
            "volume_tags": null,
            "vpc_security_group_ids": [
              "sg-00fcad3eea7d40521"
            ]
          },
          "sensitive_attributes": [],
          "private": "eyJlMmJmYjczMC1lY2FhLTExZTYtOGY4OC0zNDM2M2JjN2M0YzAiOnsiY3JlYXRlIjo2MDAwMDAwMDAwMDAsImRlbGV0ZSI6MTIwMDAwMDAwMDAwMCwidXBkYXRlIjo2MDAwMDAwMDAwMDB9LCJzY2hlbWFfdmVyc2lvbiI6IjEifQ==",
          "dependencies": [
            "aws_key_pair.generated_key",
            "module.security_group.aws_security_group.allow_all",
            "module.vpc.aws_subnet.subnet",
            "module.vpc.aws_vpc.main",
            "tls_private_key.example"
          ]
        },
        {
          "index_key": 1,
          "schema_version": 1,
          "attributes": {
            "ami": "ami-04b70fa74e45c3917",
            "arn": "arn:aws:ec2:us-east-1:975049887972:instance/i-0e94273535b096ddc",
            "associate_public_ip_address": true,
            "availability_zone": "us-east-1b",
            "capacity_reservation_specification": [
              {
                "capacity_reservation_preference": "open",
                "capacity_reservation_target": []
              }
            ],
            "cpu_core_count": 1,
            "cpu_options": [
              {
                "amd_sev_snp": "",
                "core_count": 1,
                "threads_per_core": 1
              }
            ],
            "cpu_threads_per_core": 1,
            "credit_specification": [
              {
                "cpu_credits": "standard"
              }
            ],
            "disable_api_stop": false,
            "disable_api_termination": false,
            "ebs_block_device": [],
            "ebs_optimized": false,
            "enclave_options": [
              {
                "enabled": false
              }
            ],
            "ephemeral_block_device": [],
            "get_password_data": false,
            "hibernation": false,
            "host_id": "",
            "host_resource_group_arn": null,
            "iam_instance_profile": "",
            "id": "i-0e94273535b096ddc",
            "instance_initiated_shutdown_behavior": "stop",
            "instance_state": "running",
            "instance_type": "t2.micro",
            "ipv6_address_count": 0,
            "ipv6_addresses": [],
            "key_name": "my-generated-key",
            "launch_template": [],
            "maintenance_options": [
              {
                "auto_recovery": "default"
              }
            ],
            "metadata_options": [
              {
                "http_endpoint": "enabled",
                "http_put_response_hop_limit": 2,
                "http_tokens": "required",
                "instance_metadata_tags": "disabled"
              }
            ],
            "monitoring": false,
            "network_interface": [],
            "outpost_arn": "",
            "password_data": "",
            "placement_group": "",
            "placement_partition_number": 0,
            "primary_network_interface_id": "eni-0b970c3bde44cd273",
            "private_dns": "ip-10-0-2-251.ec2.internal",
            "private_dns_name_options": [
              {
                "enable_resource_name_dns_a_record": false,
                "enable_resource_name_dns_aaaa_record": false,
                "hostname_type": "ip-name"
              }
            ],
            "private_ip": "10.0.2.251",
            "public_dns": "",
            "public_ip": "54.227.52.62",
            "root_block_device": [
              {
                "delete_on_termination": true,
                "device_name": "/dev/sda1",
                "encrypted": false,
                "iops": 3000,
                "kms_key_id": "",
                "tags": {},
                "throughput": 125,
                "volume_id": "vol-05ecb39f32cd87d57",
                "volume_size": 8,
                "volume_type": "gp3"
              }
            ],
            "secondary_private_ips": [],
            "security_groups": [
              "sg-00fcad3eea7d40521"
            ],
            "source_dest_check": true,
            "subnet_id": "subnet-0a2e77b8e0c103080",
            "tags": {
              "Name": "app-instance-1"
            },
            "tags_all": {
              "Name": "app-instance-1"
            },
            "tenancy": "default",
            "timeouts": null,
            "user_data": null,
            "user_data_base64": null,
            "user_data_replace_on_change": false,
            "volume_tags": null,
            "vpc_security_group_ids": [
              "sg-00fcad3eea7d40521"
            ]
          },
          "sensitive_attributes": [],
          "private": "eyJlMmJmYjczMC1lY2FhLTExZTYtOGY4OC0zNDM2M2JjN2M0YzAiOnsiY3JlYXRlIjo2MDAwMDAwMDAwMDAsImRlbGV0ZSI6MTIwMDAwMDAwMDAwMCwidXBkYXRlIjo2MDAwMDAwMDAwMDB9LCJzY2hlbWFfdmVyc2lvbiI6IjEifQ==",
          "dependencies": [
            "aws_key_pair.generated_key",
            "module.security_group.aws_security_group.allow_all",
            "module.vpc.aws_subnet.subnet",
            "module.vpc.aws_vpc.main",
            "tls_private_key.example"
          ]
        }
      ]
    },
    {
      "module": "module.security_group",
      "mode": "managed",
      "type": "aws_security_group",
      "name": "allow_all",
      "provider": "provider[\"registry.terraform.io/hashicorp/aws\"]",
      "instances": [
        {
          "schema_version": 1,
          "attributes": {
            "arn": "arn:aws:ec2:us-east-1:975049887972:security-group/sg-00fcad3eea7d40521",
            "description": "Allow all inbound and outbound traffic",
            "egress": [
              {
                "cidr_blocks": [
                  "0.0.0.0/0"
                ],
                "description": "",
                "from_port": 0,
                "ipv6_cidr_blocks": [],
                "prefix_list_ids": [],
                "protocol": "-1",
                "security_groups": [],
                "self": false,
                "to_port": 0
              }
            ],
            "id": "sg-00fcad3eea7d40521",
            "ingress": [
              {
                "cidr_blocks": [
                  "0.0.0.0/0"
                ],
                "description": "",
                "from_port": 0,
                "ipv6_cidr_blocks": [],
                "prefix_list_ids": [],
                "protocol": "-1",
                "security_groups": [],
                "self": false,
                "to_port": 0
              }
            ],
            "name": "allow_all_sg",
            "name_prefix": "",
            "owner_id": "975049887972",
            "revoke_rules_on_delete": false,
            "tags": null,
            "tags_all": {},
            "timeouts": null,
            "vpc_id": "vpc-00fcc867537e8ed42"
          },
          "sensitive_attributes": [],
          "private": "eyJlMmJmYjczMC1lY2FhLTExZTYtOGY4OC0zNDM2M2JjN2M0YzAiOnsiY3JlYXRlIjo2MDAwMDAwMDAwMDAsImRlbGV0ZSI6OTAwMDAwMDAwMDAwfSwic2NoZW1hX3ZlcnNpb24iOiIxIn0=",
          "dependencies": [
            "module.vpc.aws_vpc.main"
          ]
        }
      ]
    },
    {
      "module": "module.vpc",
      "mode": "managed",
      "type": "aws_internet_gateway",
      "name": "igw",
      "provider": "provider[\"registry.terraform.io/hashicorp/aws\"]",
      "instances": [
        {
          "schema_version": 0,
          "attributes": {
            "arn": "arn:aws:ec2:us-east-1:975049887972:internet-gateway/igw-0f835be16d93b2102",
            "id": "igw-0f835be16d93b2102",
            "owner_id": "975049887972",
            "tags": null,
            "tags_all": {},
            "timeouts": null,
            "vpc_id": "vpc-00fcc867537e8ed42"
          },
          "sensitive_attributes": [],
          "private": "eyJlMmJmYjczMC1lY2FhLTExZTYtOGY4OC0zNDM2M2JjN2M0YzAiOnsiY3JlYXRlIjoxMjAwMDAwMDAwMDAwLCJkZWxldGUiOjEyMDAwMDAwMDAwMDAsInVwZGF0ZSI6MTIwMDAwMDAwMDAwMH19",
          "dependencies": [
            "module.vpc.aws_vpc.main"
          ]
        }
      ]
    },
    {
      "module": "module.vpc",
      "mode": "managed",
      "type": "aws_route",
      "name": "default_route",
      "provider": "provider[\"registry.terraform.io/hashicorp/aws\"]",
      "instances": [
        {
          "schema_version": 0,
          "attributes": {
            "carrier_gateway_id": "",
            "core_network_arn": "",
            "destination_cidr_block": "0.0.0.0/0",
            "destination_ipv6_cidr_block": "",
            "destination_prefix_list_id": "",
            "egress_only_gateway_id": "",
            "gateway_id": "igw-0f835be16d93b2102",
            "id": "r-rtb-0512d995e4e9aefc41080289494",
            "instance_id": "",
            "instance_owner_id": "",
            "local_gateway_id": "",
            "nat_gateway_id": "",
            "network_interface_id": "",
            "origin": "CreateRoute",
            "route_table_id": "rtb-0512d995e4e9aefc4",
            "state": "active",
            "timeouts": null,
            "transit_gateway_id": "",
            "vpc_endpoint_id": "",
            "vpc_peering_connection_id": ""
          },
          "sensitive_attributes": [],
          "private": "eyJlMmJmYjczMC1lY2FhLTExZTYtOGY4OC0zNDM2M2JjN2M0YzAiOnsiY3JlYXRlIjozMDAwMDAwMDAwMDAsImRlbGV0ZSI6MzAwMDAwMDAwMDAwLCJ1cGRhdGUiOjEyMDAwMDAwMDAwMH19",
          "dependencies": [
            "module.vpc.aws_internet_gateway.igw",
            "module.vpc.aws_route_table.rt",
            "module.vpc.aws_vpc.main"
          ]
        }
      ]
    },
    {
      "module": "module.vpc",
      "mode": "managed",
      "type": "aws_route_table",
      "name": "rt",
      "provider": "provider[\"registry.terraform.io/hashicorp/aws\"]",
      "instances": [
        {
          "schema_version": 0,
          "attributes": {
            "arn": "arn:aws:ec2:us-east-1:975049887972:route-table/rtb-0512d995e4e9aefc4",
            "id": "rtb-0512d995e4e9aefc4",
            "owner_id": "975049887972",
            "propagating_vgws": [],
            "route": [],
            "tags": null,
            "tags_all": {},
            "timeouts": null,
            "vpc_id": "vpc-00fcc867537e8ed42"
          },
          "sensitive_attributes": [],
          "private": "eyJlMmJmYjczMC1lY2FhLTExZTYtOGY4OC0zNDM2M2JjN2M0YzAiOnsiY3JlYXRlIjozMDAwMDAwMDAwMDAsImRlbGV0ZSI6MzAwMDAwMDAwMDAwLCJ1cGRhdGUiOjEyMDAwMDAwMDAwMH19",
          "dependencies": [
            "module.vpc.aws_vpc.main"
          ]
        }
      ]
    },
    {
      "module": "module.vpc",
      "mode": "managed",
      "type": "aws_route_table_association",
      "name": "a",
      "provider": "provider[\"registry.terraform.io/hashicorp/aws\"]",
      "instances": [
        {
          "index_key": 0,
          "schema_version": 0,
          "attributes": {
            "gateway_id": "",
            "id": "rtbassoc-0c81468e7bc0c8dd4",
            "route_table_id": "rtb-0512d995e4e9aefc4",
            "subnet_id": "subnet-0b5e1a2146bcd338c",
            "timeouts": null
          },
          "sensitive_attributes": [],
          "private": "eyJlMmJmYjczMC1lY2FhLTExZTYtOGY4OC0zNDM2M2JjN2M0YzAiOnsiY3JlYXRlIjozMDAwMDAwMDAwMDAsImRlbGV0ZSI6MzAwMDAwMDAwMDAwLCJ1cGRhdGUiOjEyMDAwMDAwMDAwMH19",
          "dependencies": [
            "module.vpc.aws_route_table.rt",
            "module.vpc.aws_subnet.subnet",
            "module.vpc.aws_vpc.main"
          ]
        },
        {
          "index_key": 1,
          "schema_version": 0,
          "attributes": {
            "gateway_id": "",
            "id": "rtbassoc-02fe57f8669a99e5e",
            "route_table_id": "rtb-0512d995e4e9aefc4",
            "subnet_id": "subnet-0a2e77b8e0c103080",
            "timeouts": null
          },
          "sensitive_attributes": [],
          "private": "eyJlMmJmYjczMC1lY2FhLTExZTYtOGY4OC0zNDM2M2JjN2M0YzAiOnsiY3JlYXRlIjozMDAwMDAwMDAwMDAsImRlbGV0ZSI6MzAwMDAwMDAwMDAwLCJ1cGRhdGUiOjEyMDAwMDAwMDAwMH19",
          "dependencies": [
            "module.vpc.aws_route_table.rt",
            "module.vpc.aws_subnet.subnet",
            "module.vpc.aws_vpc.main"
          ]
        }
      ]
    },
    {
      "module": "module.vpc",
      "mode": "managed",
      "type": "aws_subnet",
      "name": "subnet",
      "provider": "provider[\"registry.terraform.io/hashicorp/aws\"]",
      "instances": [
        {
          "index_key": 0,
          "schema_version": 1,
          "attributes": {
            "arn": "arn:aws:ec2:us-east-1:975049887972:subnet/subnet-0b5e1a2146bcd338c",
            "assign_ipv6_address_on_creation": false,
            "availability_zone": "us-east-1a",
            "availability_zone_id": "use1-az2",
            "cidr_block": "10.0.1.0/24",
            "customer_owned_ipv4_pool": "",
            "enable_dns64": false,
            "enable_lni_at_device_index": 0,
            "enable_resource_name_dns_a_record_on_launch": false,
            "enable_resource_name_dns_aaaa_record_on_launch": false,
            "id": "subnet-0b5e1a2146bcd338c",
            "ipv6_cidr_block": "",
            "ipv6_cidr_block_association_id": "",
            "ipv6_native": false,
            "map_customer_owned_ip_on_launch": false,
            "map_public_ip_on_launch": false,
            "outpost_arn": "",
            "owner_id": "975049887972",
            "private_dns_hostname_type_on_launch": "ip-name",
            "tags": null,
            "tags_all": {},
            "timeouts": null,
            "vpc_id": "vpc-00fcc867537e8ed42"
          },
          "sensitive_attributes": [],
          "private": "eyJlMmJmYjczMC1lY2FhLTExZTYtOGY4OC0zNDM2M2JjN2M0YzAiOnsiY3JlYXRlIjo2MDAwMDAwMDAwMDAsImRlbGV0ZSI6MTIwMDAwMDAwMDAwMH0sInNjaGVtYV92ZXJzaW9uIjoiMSJ9",
          "dependencies": [
            "module.vpc.aws_vpc.main"
          ]
        },
        {
          "index_key": 1,
          "schema_version": 1,
          "attributes": {
            "arn": "arn:aws:ec2:us-east-1:975049887972:subnet/subnet-0a2e77b8e0c103080",
            "assign_ipv6_address_on_creation": false,
            "availability_zone": "us-east-1b",
            "availability_zone_id": "use1-az4",
            "cidr_block": "10.0.2.0/24",
            "customer_owned_ipv4_pool": "",
            "enable_dns64": false,
            "enable_lni_at_device_index": 0,
            "enable_resource_name_dns_a_record_on_launch": false,
            "enable_resource_name_dns_aaaa_record_on_launch": false,
            "id": "subnet-0a2e77b8e0c103080",
            "ipv6_cidr_block": "",
            "ipv6_cidr_block_association_id": "",
            "ipv6_native": false,
            "map_customer_owned_ip_on_launch": false,
            "map_public_ip_on_launch": false,
            "outpost_arn": "",
            "owner_id": "975049887972",
            "private_dns_hostname_type_on_launch": "ip-name",
            "tags": null,
            "tags_all": {},
            "timeouts": null,
            "vpc_id": "vpc-00fcc867537e8ed42"
          },
          "sensitive_attributes": [],
          "private": "eyJlMmJmYjczMC1lY2FhLTExZTYtOGY4OC0zNDM2M2JjN2M0YzAiOnsiY3JlYXRlIjo2MDAwMDAwMDAwMDAsImRlbGV0ZSI6MTIwMDAwMDAwMDAwMH0sInNjaGVtYV92ZXJzaW9uIjoiMSJ9",
          "dependencies": [
            "module.vpc.aws_vpc.main"
          ]
        }
      ]
    },
    {
      "module": "module.vpc",
      "mode": "managed",
      "type": "aws_vpc",
      "name": "main",
      "provider": "provider[\"registry.terraform.io/hashicorp/aws\"]",
      "instances": [
        {
          "schema_version": 1,
          "attributes": {
            "arn": "arn:aws:ec2:us-east-1:975049887972:vpc/vpc-00fcc867537e8ed42",
            "assign_generated_ipv6_cidr_block": false,
            "cidr_block": "10.0.0.0/16",
            "default_network_acl_id": "acl-0eea4126174130745",
            "default_route_table_id": "rtb-0ba56eddcb3f36b6b",
            "default_security_group_id": "sg-03ff45c158c90defc",
            "dhcp_options_id": "dopt-02de656dad17e533d",
            "enable_classiclink": false,
            "enable_classiclink_dns_support": false,
            "enable_dns_hostnames": false,
            "enable_dns_support": true,
            "enable_network_address_usage_metrics": false,
            "id": "vpc-00fcc867537e8ed42",
            "instance_tenancy": "default",
            "ipv4_ipam_pool_id": null,
            "ipv4_netmask_length": null,
            "ipv6_association_id": "",
            "ipv6_cidr_block": "",
            "ipv6_cidr_block_network_border_group": "",
            "ipv6_ipam_pool_id": "",
            "ipv6_netmask_length": 0,
            "main_route_table_id": "rtb-0ba56eddcb3f36b6b",
            "owner_id": "975049887972",
            "tags": null,
            "tags_all": {}
          },
          "sensitive_attributes": [],
          "private": "eyJzY2hlbWFfdmVyc2lvbiI6IjEifQ=="
        }
      ]
    }
  ],
  "check_results": null
}
