{
  "version": 4,
  "terraform_version": "1.8.5",
  "serial": 203,
  "lineage": "68e111f9-b50e-73d1-2a4a-48ea3024c567",
  "outputs": {
    "instance_ids": {
      "value": [
        "i-00cc4e5e7bec4500d"
      ],
      "type": [
        "tuple",
        [
          "string"
        ]
      ]
    },
    "key_pair_name": {
      "value": "my-key-pair",
      "type": "string"
    },
    "private_ips": {
      "value": [
        "10.0.1.110"
      ],
      "type": [
        "tuple",
        [
          "string"
        ]
      ]
    },
    "private_key_path": {
      "value": "./my-key-pair.pem",
      "type": "string"
    },
    "public_ips": {
      "value": [
        "44.202.196.48"
      ],
      "type": [
        "tuple",
        [
          "string"
        ]
      ]
    },
    "security_group_id": {
      "value": "sg-06d0d2e0dbbce4618",
      "type": "string"
    },
    "subnet_ids": {
      "value": [
        "subnet-04f89f930f49a6d7a",
        "subnet-0cb5259eacfde117e"
      ],
      "type": [
        "tuple",
        [
          "string",
          "string"
        ]
      ]
    },
    "vpc_id": {
      "value": "vpc-0de5cb63c20fc8234",
      "type": "string"
    }
  },
  "resources": [
    {
      "mode": "managed",
      "type": "aws_dynamodb_table",
      "name": "terraform_lock",
      "provider": "provider[\"registry.terraform.io/hashicorp/aws\"]",
      "instances": [
        {
          "schema_version": 1,
          "attributes": {
            "arn": "arn:aws:dynamodb:us-east-1:637423480272:table/ivolve_lock",
            "attribute": [
              {
                "name": "LockID",
                "type": "S"
              }
            ],
            "billing_mode": "PAY_PER_REQUEST",
            "deletion_protection_enabled": false,
            "global_secondary_index": [],
            "hash_key": "LockID",
            "id": "ivolve_lock",
            "local_secondary_index": [],
            "name": "ivolve_lock",
            "point_in_time_recovery": [
              {
                "enabled": false
              }
            ],
            "range_key": null,
            "read_capacity": 0,
            "replica": [],
            "restore_date_time": null,
            "restore_source_name": null,
            "restore_to_latest_time": null,
            "server_side_encryption": [],
            "stream_arn": "",
            "stream_enabled": false,
            "stream_label": "",
            "stream_view_type": "",
            "table_class": "STANDARD",
            "tags": null,
            "tags_all": {},
            "timeouts": null,
            "ttl": [
              {
                "attribute_name": "",
                "enabled": false
              }
            ],
            "write_capacity": 0
          },
          "sensitive_attributes": [],
          "private": "eyJlMmJmYjczMC1lY2FhLTExZTYtOGY4OC0zNDM2M2JjN2M0YzAiOnsiY3JlYXRlIjoxODAwMDAwMDAwMDAwLCJkZWxldGUiOjYwMDAwMDAwMDAwMCwidXBkYXRlIjozNjAwMDAwMDAwMDAwfSwic2NoZW1hX3ZlcnNpb24iOiIxIn0="
        }
      ]
    },
    {
      "mode": "managed",
      "type": "aws_key_pair",
      "name": "generated_key",
      "provider": "provider[\"registry.terraform.io/hashicorp/aws\"]",
      "instances": [
        {
          "schema_version": 1,
          "attributes": {
            "arn": "arn:aws:ec2:us-east-1:637423480272:key-pair/my-key-pair",
            "fingerprint": "8f:f3:1f:42:56:30:d7:51:e1:cd:94:90:03:b9:50:de",
            "id": "my-key-pair",
            "key_name": "my-key-pair",
            "key_name_prefix": "",
            "key_pair_id": "key-0512200df90a42b5d",
            "key_type": "rsa",
            "public_key": "ssh-rsa AAAAB3NzaC1yc2EAAAADAQABAAACAQDMOpUXaYCYJdFAjnoMXF0pOJ/wXuHwU1V01R2RCBcygOsmaX5ZX4QgxGpaheSo3naL2dF70hnrYZ+PJbnUgXLu9fazMaL+yyhe06drnpPFt1aXNQcJK7JgL++DIIN0TRd+C0wQSOY6yyZVBhAsifPVgeulJuOFuwOKalm85Cp6N2NY95lng1tpEFv8sq/HX8VNBW2NCcVIoyoTgTHqRkjvovnLC92olvL8+pV37F4X32S06mXBmmTD5s7OcEg++ie1KwzDpMudrMw82d5m6+dcyOKxHHeuvGozTNIMu3YFpsA0VdfDoo8OcLmouqIUKIeKpFR3iZ3YEiyeHQoF2lK4Z++n32ura3ndBGV+Rdn6esDWSWZEdCetaoOexAXeXGjAoGx6H/JmXI4sjpU54ncCWZP/eTR6X40UBiYMG2GpE28N2jhRrjyBV0zJLBH8yYEwQWOBdU2xMBE1xDr/C3W1/oqYWZ+5gGfDBfw3xoN3cM9iNHp1fqWCkA8M4C5is0Fo448cUZdpChbYoywnK9SGRsf5rR6BczRpC7INxvAF/YjAj5bbmzJsaCSbOAyXZwhec9cOSSACvV6nhtR+VkBDxNX7jyUZ0KeZHRqisR5NeMn/sV3iOzQXc+sc0kg8HgS8xuF8Zg6NXlXbvPWvKGVd/77AZQThuTNnQp4MTCTh9w==",
            "tags": null,
            "tags_all": {}
          },
          "sensitive_attributes": [],
          "private": "eyJzY2hlbWFfdmVyc2lvbiI6IjEifQ==",
          "dependencies": [
            "tls_private_key.example"
          ]
        }
      ]
    },
    {
      "mode": "managed",
      "type": "aws_s3_bucket",
      "name": "terraform_state",
      "provider": "provider[\"registry.terraform.io/hashicorp/aws\"]",
      "instances": [
        {
          "schema_version": 0,
          "attributes": {
            "acceleration_status": "",
            "acl": null,
            "arn": "arn:aws:s3:::alyaabadr-ivolve-finalproject-state",
            "bucket": "alyaabadr-ivolve-finalproject-state",
            "bucket_domain_name": "alyaabadr-ivolve-finalproject-state.s3.amazonaws.com",
            "bucket_prefix": "",
            "bucket_regional_domain_name": "alyaabadr-ivolve-finalproject-state.s3.amazonaws.com",
            "cors_rule": [],
            "force_destroy": false,
            "grant": [
              {
                "id": "1265893a73587e9264d27a5e0269be193f65acbefa1a633d1881bdd59b2dad0c",
                "permissions": [
                  "FULL_CONTROL"
                ],
                "type": "CanonicalUser",
                "uri": ""
              }
            ],
            "hosted_zone_id": "Z3AQBSTGFYJSTF",
            "id": "alyaabadr-ivolve-finalproject-state",
            "lifecycle_rule": [],
            "logging": [],
            "object_lock_configuration": [],
            "object_lock_enabled": false,
            "policy": "",
            "region": "us-east-1",
            "replication_configuration": [],
            "request_payer": "BucketOwner",
            "server_side_encryption_configuration": [
              {
                "rule": [
                  {
                    "apply_server_side_encryption_by_default": [
                      {
                        "kms_master_key_id": "",
                        "sse_algorithm": "AES256"
                      }
                    ],
                    "bucket_key_enabled": false
                  }
                ]
              }
            ],
            "tags": null,
            "tags_all": {},
            "timeouts": null,
            "versioning": [
              {
                "enabled": false,
                "mfa_delete": false
              }
            ],
            "website": [],
            "website_domain": null,
            "website_endpoint": null
          },
          "sensitive_attributes": [],
          "private": "eyJlMmJmYjczMC1lY2FhLTExZTYtOGY4OC0zNDM2M2JjN2M0YzAiOnsiY3JlYXRlIjoxMjAwMDAwMDAwMDAwLCJkZWxldGUiOjM2MDAwMDAwMDAwMDAsInJlYWQiOjEyMDAwMDAwMDAwMDAsInVwZGF0ZSI6MTIwMDAwMDAwMDAwMH19"
        }
      ]
    },
    {
      "mode": "managed",
      "type": "aws_s3_bucket_versioning",
      "name": "versioning",
      "provider": "provider[\"registry.terraform.io/hashicorp/aws\"]",
      "instances": [
        {
          "schema_version": 0,
          "attributes": {
            "bucket": "alyaabadr-ivolve-finalproject-state",
            "expected_bucket_owner": "",
            "id": "alyaabadr-ivolve-finalproject-state",
            "mfa": null,
            "versioning_configuration": [
              {
                "mfa_delete": "",
                "status": "Enabled"
              }
            ]
          },
          "sensitive_attributes": [],
          "private": "bnVsbA==",
          "dependencies": [
            "aws_s3_bucket.terraform_state"
          ]
        }
      ]
    },
    {
      "mode": "managed",
      "type": "local_file",
      "name": "private_key",
      "provider": "provider[\"registry.terraform.io/hashicorp/local\"]",
      "instances": [
        {
          "schema_version": 0,
          "attributes": {
            "content": "-----BEGIN RSA PRIVATE KEY-----\nMIIJKgIBAAKCAgEAzDqVF2mAmCXRQI56DFxdKTif8F7h8FNVdNUdkQgXMoDrJml+\nWV+EIMRqWoXkqN52i9nRe9IZ62GfjyW51IFy7vX2szGi/ssoXtOna56TxbdWlzUH\nCSuyYC/vgyCDdE0XfgtMEEjmOssmVQYQLInz1YHrpSbjhbsDimpZvOQqejdjWPeZ\nZ4NbaRBb/LKvx1/FTQVtjQnFSKMqE4Ex6kZI76L5ywvdqJby/PqVd+xeF99ktOpl\nwZpkw+bOznBIPvontSsMw6TLnazMPNneZuvnXMjisRx3rrxqM0zSDLt2BabANFXX\nw6KPDnC5qLqiFCiHiqRUd4md2BIsnh0KBdpSuGfvp99rq2t53QRlfkXZ+nrA1klm\nRHQnrWqDnsQF3lxowKBseh/yZlyOLI6VOeJ3AlmT/3k0el+NFAYmDBthqRNvDdo4\nUa48gVdMySwR/MmBMEFjgXVNsTARNcQ6/wt1tf6KmFmfuYBnwwX8N8aDd3DPYjR6\ndX6lgpAPDOAuYrNBaOOPHFGXaQoW2KMsJyvUhkbH+a0egXM0aQuyDcbwBf2IwI+W\n25sybGgkmzgMl2cIXnPXDkkgAr1ep4bUflZAQ8TV+48lGdCnmR0aorEeTXjJ/7Fd\n4js0F3PrHNJIPB4EvMbhfGYOjV5V27z1ryhlXf++wGUE4bkzZ0KeDEwk4fcCAwEA\nAQKCAgEAnZwkTVIlZMXirFCIThvF5bcGb4m6Ei8txyFlVPUKefZWA2nskWqOXH9Y\nmI22PsCYeitaaJVnXWkUq3Nw61gPa+00O2x2Hu6INE5haUOTRUXNNJo+2Mv5OBQm\nYmroKAwKskJjrDmmO/9lkL5CIy0/mSlPwz+03RLLk7mpkYYAZhtyt0k2AVW1aOqw\nIt9/mn0FlgA3YF4G+5y4Lx9Id0VQqmd7IUECCkacNbHpQgiPQRss7BXs+7F8TFdG\niLjMeJWzqTQVALOgVAn0AI4e/gzWm5uInyiaEKblyrtha2QMnCXpNTp+bkN45asH\nDPkjdi0lFVDmwu3Ye9TizA8bGhM4PClAMKWPHlhWFxzLX6fqAOIp05WyC5xfon0e\nlue3P6/xqWx202GqjDzQzEaorlLQ1kpzckjhvpQf0P20C5dJeKy7tk2nJSpUz5Nm\n5RFbeog+4pRezo3N99bALYoKl/cCtT2921VOIBf8SCJBUIbv/1HmZ7uHLk0CjduM\nA48svLO6ScZN+UJ1e0Ttu1HAzY4RVuonG8eneKnR+onwYL8l7xN9HEWRPqlb9eqk\nCR82xbgyFEgY74iBhhIUV6SkbsdruuC4WM364eatmsJEDrLK1O4qvCxC4USGWvwJ\nMryWADiH1ZmLWHMUehH0y79C/3AWAWbrrjO3Ik6v+k6LHvmxLxkCggEBAOclDzyg\niqxJivFcWJ5HUxscH4exom/JTrv5HCgEaNKY6dvgSIwV67FJE773wXxiOjzXfmVF\n7yRme8gZJClRyyovbA5a1ItMB6Xt/mHYogI4WODtbDXsQHdldMHkWAshHvn10xWE\njlN1wL5YdyXlVgUxEtFfvF5P3RS+ahnCoGI34PEKmbaYBWSxxaOPWx6F74+J6HCo\npU1IXU2tUHFV5ZBNI7CT8C4kov+iDss2+DfTB1gkNTs+dfcX9Lzwohf2skIL5sGN\nVeHknJpWdXMEq7cuUDaq9HcrvF1YacusVsz0/5x5Qi/Os4b6fYVl0oEdFdoXyNI+\nyi4Vj0XOVLPF7rMCggEBAOIwlSzQZw9kel7I9r9UIQcu+PRdJZX9Q5K7dzwFogYO\nk1JKhn+ZnbawTQi+2LVKB3D/ebYqbNog0uszv0dwyAIzQuUPPCsniSpA+2kIoJL4\njNqOEfwdUXUVW4NWZOi4Qu64OgQN8NHn3BzcpVQ4cSF83W+XfgA8FLwjsDpTI92/\n3LSpRQdu8BuwcKVDM0ijtFqdgQHkN1dgJt9vgA5d6v1GTddTRrlQTLkbGyU/um5c\n4lDyCJcmrFC2rrGicoCcoz/edOFqZNUq7xu+YFcPqsAwAjDUcFpK+pt0Os3Vnn4A\nyAFy8/MojocUrevtjGQy6MmAIP7RGILW5Tsoazysoa0CggEBAODzkzmYsHzt8dfl\n3KTlmz7GBvWDbifGzeZokPttFyrmAKqpQ1F6P/BAw4PWESrhWfY+btdW0V8mkg7y\nUNwZq1S55DqwMSwD6WmWDjzhnQH2HqGAzxBHhZHtXk0Y0oq6SDBSCoVlhTI6ZkOZ\nSxPJdwcEdGDqACP1K571lcLORFJyOWu8uk4W8yDFVihQ6wfwp22VdG634nAtHgjr\nxF8Yjpr6R+Kgh14Q78VDzYv+SmHh8cLZMikfJ6U7XkbHFammwGNAu+ngiBWY7MPT\noug2Qnu7Cfu6MsMMAH0D/6plZfB/+4goBr8KNnQFskUyDET1rn+bKCldTFy/RLlW\nDd8LobsCggEBAM2NAvO/y/iUAhTDImFLLdyeVkWTpIWCq/bbgAa+w7gnZMAi08l/\nq3CLFOZ+sOdHCC4rLMtcEKHFtIdj9k8Q8eH1/bO1vaMmAaOxfAe+fFYzo6U1+KgZ\naJ4zM3/OclN+p+zS5H4swQ2wXDqqVWCNDlo1Y/J2RF4oO1uiPxMx3OU253YSYZXY\nvkEbfbLht+gqRMsYWVWDtLsluQ3SARiNRvC2BCVLG3lqvN53AJtAJ8cFh/Gxkhby\nYSPUcDsjelTghAaVvbff/RQvOS4IOvrDVRPkTQlc9WFIxCejX5EQsUCmqxuOAJ2X\n3LZrF4bQ0IV6MkxzsQiAsnqsmZLCL3nrE90CggEAT2BfrPUFzyD2SU/WtfN6ZwwV\nskwA9mk+3n7mwMUPE7SA4znoXwg9TimozfX+XImpxE1uAE8/7ceBD4rLXPGrU2oE\nyXBxFzodgKoFX7uhI2cN+/HKmPEnKhK/YYW6af7B6wJXkMCyskFoZGyvzHin8yij\nKf/qbNpaOl91/tAOFQgweoJUP/UTOBDYBR3rCMH8UMlzU7DR9CAHOfvtX/oqE9dw\nL/DhFPhR5yI1qMzJJV4RaqsdOfQ+vuwpGtGybphEjzKIp2xTje4tPWG8wXJUfO8f\nHoNaemVR8lFJkmAIfy3Y3PASi1rMudw2xJQxcM47ps4Y5ZxmsoOxs5pFlaR2Iw==\n-----END RSA PRIVATE KEY-----\n",
            "content_base64": null,
            "content_base64sha256": "YSIID79cUSccNJoVAB99Jwmc2R/XrHzZclw/WEAf2Uo=",
            "content_base64sha512": "ScWbd2i9+p7HYZvL20cCB6WA5iPy5rtoHubNYIKAHtnieWPCAu+ILERWYs16msM2EFSifroRJBCGvjP6sx2DXA==",
            "content_md5": "1649819ec12dd3cfbfe17599d23cceeb",
            "content_sha1": "e2ac580120cc1079f9d6a22b4316954b2337ed81",
            "content_sha256": "6122080fbf5c51271c349a15001f7d27099cd91fd7ac7cd9725c3f58401fd94a",
            "content_sha512": "49c59b7768bdfa9ec7619bcbdb470207a580e623f2e6bb681ee6cd6082801ed9e27963c202ef882c445662cd7a9ac3361054a27eba11241086be33fab31d835c",
            "directory_permission": "0777",
            "file_permission": "0600",
            "filename": "./my-key-pair.pem",
            "id": "e2ac580120cc1079f9d6a22b4316954b2337ed81",
            "sensitive_content": null,
            "source": null
          },
          "sensitive_attributes": [
            [
              {
                "type": "get_attr",
                "value": "sensitive_content"
              }
            ],
            [
              {
                "type": "get_attr",
                "value": "content"
              }
            ]
          ],
          "dependencies": [
            "tls_private_key.example"
          ]
        }
      ]
    },
    {
      "mode": "managed",
      "type": "tls_private_key",
      "name": "example",
      "provider": "provider[\"registry.terraform.io/hashicorp/tls\"]",
      "instances": [
        {
          "schema_version": 1,
          "attributes": {
            "algorithm": "RSA",
            "ecdsa_curve": "P224",
            "id": "f8e478f89704ec90a886ea71bab7001105dff1de",
            "private_key_openssh": "-----BEGIN OPENSSH PRIVATE KEY-----\nb3BlbnNzaC1rZXktdjEAAAAABG5vbmUAAAAEbm9uZQAAAAAAAAABAAACFwAAAAdz\nc2gtcnNhAAAAAwEAAQAAAgEAzDqVF2mAmCXRQI56DFxdKTif8F7h8FNVdNUdkQgX\nMoDrJml+WV+EIMRqWoXkqN52i9nRe9IZ62GfjyW51IFy7vX2szGi/ssoXtOna56T\nxbdWlzUHCSuyYC/vgyCDdE0XfgtMEEjmOssmVQYQLInz1YHrpSbjhbsDimpZvOQq\nejdjWPeZZ4NbaRBb/LKvx1/FTQVtjQnFSKMqE4Ex6kZI76L5ywvdqJby/PqVd+xe\nF99ktOplwZpkw+bOznBIPvontSsMw6TLnazMPNneZuvnXMjisRx3rrxqM0zSDLt2\nBabANFXXw6KPDnC5qLqiFCiHiqRUd4md2BIsnh0KBdpSuGfvp99rq2t53QRlfkXZ\n+nrA1klmRHQnrWqDnsQF3lxowKBseh/yZlyOLI6VOeJ3AlmT/3k0el+NFAYmDBth\nqRNvDdo4Ua48gVdMySwR/MmBMEFjgXVNsTARNcQ6/wt1tf6KmFmfuYBnwwX8N8aD\nd3DPYjR6dX6lgpAPDOAuYrNBaOOPHFGXaQoW2KMsJyvUhkbH+a0egXM0aQuyDcbw\nBf2IwI+W25sybGgkmzgMl2cIXnPXDkkgAr1ep4bUflZAQ8TV+48lGdCnmR0aorEe\nTXjJ/7Fd4js0F3PrHNJIPB4EvMbhfGYOjV5V27z1ryhlXf++wGUE4bkzZ0KeDEwk\n4fcAAAc4xY9YKsWPWCoAAAAHc3NoLXJzYQAAAgEAzDqVF2mAmCXRQI56DFxdKTif\n8F7h8FNVdNUdkQgXMoDrJml+WV+EIMRqWoXkqN52i9nRe9IZ62GfjyW51IFy7vX2\nszGi/ssoXtOna56TxbdWlzUHCSuyYC/vgyCDdE0XfgtMEEjmOssmVQYQLInz1YHr\npSbjhbsDimpZvOQqejdjWPeZZ4NbaRBb/LKvx1/FTQVtjQnFSKMqE4Ex6kZI76L5\nywvdqJby/PqVd+xeF99ktOplwZpkw+bOznBIPvontSsMw6TLnazMPNneZuvnXMji\nsRx3rrxqM0zSDLt2BabANFXXw6KPDnC5qLqiFCiHiqRUd4md2BIsnh0KBdpSuGfv\np99rq2t53QRlfkXZ+nrA1klmRHQnrWqDnsQF3lxowKBseh/yZlyOLI6VOeJ3AlmT\n/3k0el+NFAYmDBthqRNvDdo4Ua48gVdMySwR/MmBMEFjgXVNsTARNcQ6/wt1tf6K\nmFmfuYBnwwX8N8aDd3DPYjR6dX6lgpAPDOAuYrNBaOOPHFGXaQoW2KMsJyvUhkbH\n+a0egXM0aQuyDcbwBf2IwI+W25sybGgkmzgMl2cIXnPXDkkgAr1ep4bUflZAQ8TV\n+48lGdCnmR0aorEeTXjJ/7Fd4js0F3PrHNJIPB4EvMbhfGYOjV5V27z1ryhlXf++\nwGUE4bkzZ0KeDEwk4fcAAAADAQABAAACAQCdnCRNUiVkxeKsUIhOG8XltwZviboS\nLy3HIWVU9Qp59lYDaeyRao5cf1iYjbY+wJh6K1polWddaRSrc3DrWA9r7TQ7bHYe\n7og0TmFpQ5NFRc00mj7Yy/k4FCZiaugoDAqyQmOsOaY7/2WQvkIjLT+ZKU/DP7Td\nEsuTuamRhgBmG3K3STYBVbVo6rAi33+afQWWADdgXgb7nLgvH0h3RVCqZ3shQQIK\nRpw1selCCI9BGyzsFez7sXxMV0aIuMx4lbOpNBUAs6BUCfQAjh7+DNabm4ifKJoQ\npuXKu2FrZAycJek1On5uQ3jlqwcM+SN2LSUVUObC7dh71OLMDxsaEzg8KUAwpY8e\nWFYXHMtfp+oA4inTlbILnF+ifR6W57c/r/GpbHbTYaqMPNDMRqiuUtDWSnNySOG+\nlB/Q/bQLl0l4rLu2TaclKlTPk2blEVt6iD7ilF7Ojc331sAtigqX9wK1Pb3bVU4g\nF/xIIkFQhu//UeZnu4cuTQKN24wDjyy8s7pJxk35QnV7RO27UcDNjhFW6icbx6d4\nqdH6ifBgvyXvE30cRZE+qVv16qQJHzbFuDIUSBjviIGGEhRXpKRux2u64LhYzfrh\n5q2awkQOssrU7iq8LELhRIZa/AkyvJYAOIfVmYtYcxR6EfTLv0L/cBYBZuuuM7ci\nTq/6Tose+bEvGQAAAQBPYF+s9QXPIPZJT9a183pnDBWyTAD2aT7efubAxQ8TtIDj\nOehfCD1OKajN9f5cianETW4ATz/tx4EPistc8atTagTJcHEXOh2AqgVfu6EjZw37\n8cqY8ScqEr9hhbpp/sHrAleQwLKyQWhkbK/MeKfzKKMp/+ps2lo6X3X+0A4VCDB6\nglQ/9RM4ENgFHesIwfxQyXNTsNH0IAc5++1f+ioT13Av8OEU+FHnIjWozMklXhFq\nqx059D6+7Cka0bJumESPMoinbFON7i09YbzBclR87x8eg1p6ZVHyUUmSYAh/Ldjc\n8BKLWsy53DbElDFwzjumzhjlnGayg7GzmkWVpHYjAAABAQDnJQ88oIqsSYrxXFie\nR1MbHB+HsaJvyU67+RwoBGjSmOnb4EiMFeuxSRO+98F8Yjo8135lRe8kZnvIGSQp\nUcsqL2wOWtSLTAel7f5h2KICOFjg7Ww17EB3ZXTB5FgLIR759dMVhI5TdcC+WHcl\n5VYFMRLRX7xeT90UvmoZwqBiN+DxCpm2mAVkscWjj1sehe+PiehwqKVNSF1NrVBx\nVeWQTSOwk/AuJKL/og7LNvg30wdYJDU7PnX3F/S88KIX9rJCC+bBjVXh5JyaVnVz\nBKu3LlA2qvR3K7xdWGnLrFbM9P+ceUIvzrOG+n2FZdKBHRXaF8jSPsouFY9FzlSz\nxe6zAAABAQDiMJUs0GcPZHpeyPa/VCEHLvj0XSWV/UOSu3c8BaIGDpNSSoZ/mZ22\nsE0Ivti1Sgdw/3m2KmzaINLrM79HcMgCM0LlDzwrJ4kqQPtpCKCS+IzajhH8HVF1\nFVuDVmTouELuuDoEDfDR59wc3KVUOHEhfN1vl34APBS8I7A6UyPdv9y0qUUHbvAb\nsHClQzNIo7RanYEB5DdXYCbfb4AOXer9Rk3XU0a5UEy5GxslP7puXOJQ8giXJqxQ\ntq6xonKAnKM/3nThamTVKu8bvmBXD6rAMAIw1HBaSvqbdDrN1Z5+AMgBcvPzKI6H\nFK3r7YxkMujJgCD+0RiC1uU7KGs8rKGtAAAAAAEC\n-----END OPENSSH PRIVATE KEY-----\n",
            "private_key_pem": "-----BEGIN RSA PRIVATE KEY-----\nMIIJKgIBAAKCAgEAzDqVF2mAmCXRQI56DFxdKTif8F7h8FNVdNUdkQgXMoDrJml+\nWV+EIMRqWoXkqN52i9nRe9IZ62GfjyW51IFy7vX2szGi/ssoXtOna56TxbdWlzUH\nCSuyYC/vgyCDdE0XfgtMEEjmOssmVQYQLInz1YHrpSbjhbsDimpZvOQqejdjWPeZ\nZ4NbaRBb/LKvx1/FTQVtjQnFSKMqE4Ex6kZI76L5ywvdqJby/PqVd+xeF99ktOpl\nwZpkw+bOznBIPvontSsMw6TLnazMPNneZuvnXMjisRx3rrxqM0zSDLt2BabANFXX\nw6KPDnC5qLqiFCiHiqRUd4md2BIsnh0KBdpSuGfvp99rq2t53QRlfkXZ+nrA1klm\nRHQnrWqDnsQF3lxowKBseh/yZlyOLI6VOeJ3AlmT/3k0el+NFAYmDBthqRNvDdo4\nUa48gVdMySwR/MmBMEFjgXVNsTARNcQ6/wt1tf6KmFmfuYBnwwX8N8aDd3DPYjR6\ndX6lgpAPDOAuYrNBaOOPHFGXaQoW2KMsJyvUhkbH+a0egXM0aQuyDcbwBf2IwI+W\n25sybGgkmzgMl2cIXnPXDkkgAr1ep4bUflZAQ8TV+48lGdCnmR0aorEeTXjJ/7Fd\n4js0F3PrHNJIPB4EvMbhfGYOjV5V27z1ryhlXf++wGUE4bkzZ0KeDEwk4fcCAwEA\nAQKCAgEAnZwkTVIlZMXirFCIThvF5bcGb4m6Ei8txyFlVPUKefZWA2nskWqOXH9Y\nmI22PsCYeitaaJVnXWkUq3Nw61gPa+00O2x2Hu6INE5haUOTRUXNNJo+2Mv5OBQm\nYmroKAwKskJjrDmmO/9lkL5CIy0/mSlPwz+03RLLk7mpkYYAZhtyt0k2AVW1aOqw\nIt9/mn0FlgA3YF4G+5y4Lx9Id0VQqmd7IUECCkacNbHpQgiPQRss7BXs+7F8TFdG\niLjMeJWzqTQVALOgVAn0AI4e/gzWm5uInyiaEKblyrtha2QMnCXpNTp+bkN45asH\nDPkjdi0lFVDmwu3Ye9TizA8bGhM4PClAMKWPHlhWFxzLX6fqAOIp05WyC5xfon0e\nlue3P6/xqWx202GqjDzQzEaorlLQ1kpzckjhvpQf0P20C5dJeKy7tk2nJSpUz5Nm\n5RFbeog+4pRezo3N99bALYoKl/cCtT2921VOIBf8SCJBUIbv/1HmZ7uHLk0CjduM\nA48svLO6ScZN+UJ1e0Ttu1HAzY4RVuonG8eneKnR+onwYL8l7xN9HEWRPqlb9eqk\nCR82xbgyFEgY74iBhhIUV6SkbsdruuC4WM364eatmsJEDrLK1O4qvCxC4USGWvwJ\nMryWADiH1ZmLWHMUehH0y79C/3AWAWbrrjO3Ik6v+k6LHvmxLxkCggEBAOclDzyg\niqxJivFcWJ5HUxscH4exom/JTrv5HCgEaNKY6dvgSIwV67FJE773wXxiOjzXfmVF\n7yRme8gZJClRyyovbA5a1ItMB6Xt/mHYogI4WODtbDXsQHdldMHkWAshHvn10xWE\njlN1wL5YdyXlVgUxEtFfvF5P3RS+ahnCoGI34PEKmbaYBWSxxaOPWx6F74+J6HCo\npU1IXU2tUHFV5ZBNI7CT8C4kov+iDss2+DfTB1gkNTs+dfcX9Lzwohf2skIL5sGN\nVeHknJpWdXMEq7cuUDaq9HcrvF1YacusVsz0/5x5Qi/Os4b6fYVl0oEdFdoXyNI+\nyi4Vj0XOVLPF7rMCggEBAOIwlSzQZw9kel7I9r9UIQcu+PRdJZX9Q5K7dzwFogYO\nk1JKhn+ZnbawTQi+2LVKB3D/ebYqbNog0uszv0dwyAIzQuUPPCsniSpA+2kIoJL4\njNqOEfwdUXUVW4NWZOi4Qu64OgQN8NHn3BzcpVQ4cSF83W+XfgA8FLwjsDpTI92/\n3LSpRQdu8BuwcKVDM0ijtFqdgQHkN1dgJt9vgA5d6v1GTddTRrlQTLkbGyU/um5c\n4lDyCJcmrFC2rrGicoCcoz/edOFqZNUq7xu+YFcPqsAwAjDUcFpK+pt0Os3Vnn4A\nyAFy8/MojocUrevtjGQy6MmAIP7RGILW5Tsoazysoa0CggEBAODzkzmYsHzt8dfl\n3KTlmz7GBvWDbifGzeZokPttFyrmAKqpQ1F6P/BAw4PWESrhWfY+btdW0V8mkg7y\nUNwZq1S55DqwMSwD6WmWDjzhnQH2HqGAzxBHhZHtXk0Y0oq6SDBSCoVlhTI6ZkOZ\nSxPJdwcEdGDqACP1K571lcLORFJyOWu8uk4W8yDFVihQ6wfwp22VdG634nAtHgjr\nxF8Yjpr6R+Kgh14Q78VDzYv+SmHh8cLZMikfJ6U7XkbHFammwGNAu+ngiBWY7MPT\noug2Qnu7Cfu6MsMMAH0D/6plZfB/+4goBr8KNnQFskUyDET1rn+bKCldTFy/RLlW\nDd8LobsCggEBAM2NAvO/y/iUAhTDImFLLdyeVkWTpIWCq/bbgAa+w7gnZMAi08l/\nq3CLFOZ+sOdHCC4rLMtcEKHFtIdj9k8Q8eH1/bO1vaMmAaOxfAe+fFYzo6U1+KgZ\naJ4zM3/OclN+p+zS5H4swQ2wXDqqVWCNDlo1Y/J2RF4oO1uiPxMx3OU253YSYZXY\nvkEbfbLht+gqRMsYWVWDtLsluQ3SARiNRvC2BCVLG3lqvN53AJtAJ8cFh/Gxkhby\nYSPUcDsjelTghAaVvbff/RQvOS4IOvrDVRPkTQlc9WFIxCejX5EQsUCmqxuOAJ2X\n3LZrF4bQ0IV6MkxzsQiAsnqsmZLCL3nrE90CggEAT2BfrPUFzyD2SU/WtfN6ZwwV\nskwA9mk+3n7mwMUPE7SA4znoXwg9TimozfX+XImpxE1uAE8/7ceBD4rLXPGrU2oE\nyXBxFzodgKoFX7uhI2cN+/HKmPEnKhK/YYW6af7B6wJXkMCyskFoZGyvzHin8yij\nKf/qbNpaOl91/tAOFQgweoJUP/UTOBDYBR3rCMH8UMlzU7DR9CAHOfvtX/oqE9dw\nL/DhFPhR5yI1qMzJJV4RaqsdOfQ+vuwpGtGybphEjzKIp2xTje4tPWG8wXJUfO8f\nHoNaemVR8lFJkmAIfy3Y3PASi1rMudw2xJQxcM47ps4Y5ZxmsoOxs5pFlaR2Iw==\n-----END RSA PRIVATE KEY-----\n",
            "private_key_pem_pkcs8": "-----BEGIN PRIVATE KEY-----\nMIIJRAIBADANBgkqhkiG9w0BAQEFAASCCS4wggkqAgEAAoICAQDMOpUXaYCYJdFA\njnoMXF0pOJ/wXuHwU1V01R2RCBcygOsmaX5ZX4QgxGpaheSo3naL2dF70hnrYZ+P\nJbnUgXLu9fazMaL+yyhe06drnpPFt1aXNQcJK7JgL++DIIN0TRd+C0wQSOY6yyZV\nBhAsifPVgeulJuOFuwOKalm85Cp6N2NY95lng1tpEFv8sq/HX8VNBW2NCcVIoyoT\ngTHqRkjvovnLC92olvL8+pV37F4X32S06mXBmmTD5s7OcEg++ie1KwzDpMudrMw8\n2d5m6+dcyOKxHHeuvGozTNIMu3YFpsA0VdfDoo8OcLmouqIUKIeKpFR3iZ3YEiye\nHQoF2lK4Z++n32ura3ndBGV+Rdn6esDWSWZEdCetaoOexAXeXGjAoGx6H/JmXI4s\njpU54ncCWZP/eTR6X40UBiYMG2GpE28N2jhRrjyBV0zJLBH8yYEwQWOBdU2xMBE1\nxDr/C3W1/oqYWZ+5gGfDBfw3xoN3cM9iNHp1fqWCkA8M4C5is0Fo448cUZdpChbY\noywnK9SGRsf5rR6BczRpC7INxvAF/YjAj5bbmzJsaCSbOAyXZwhec9cOSSACvV6n\nhtR+VkBDxNX7jyUZ0KeZHRqisR5NeMn/sV3iOzQXc+sc0kg8HgS8xuF8Zg6NXlXb\nvPWvKGVd/77AZQThuTNnQp4MTCTh9wIDAQABAoICAQCdnCRNUiVkxeKsUIhOG8Xl\ntwZviboSLy3HIWVU9Qp59lYDaeyRao5cf1iYjbY+wJh6K1polWddaRSrc3DrWA9r\n7TQ7bHYe7og0TmFpQ5NFRc00mj7Yy/k4FCZiaugoDAqyQmOsOaY7/2WQvkIjLT+Z\nKU/DP7TdEsuTuamRhgBmG3K3STYBVbVo6rAi33+afQWWADdgXgb7nLgvH0h3RVCq\nZ3shQQIKRpw1selCCI9BGyzsFez7sXxMV0aIuMx4lbOpNBUAs6BUCfQAjh7+DNab\nm4ifKJoQpuXKu2FrZAycJek1On5uQ3jlqwcM+SN2LSUVUObC7dh71OLMDxsaEzg8\nKUAwpY8eWFYXHMtfp+oA4inTlbILnF+ifR6W57c/r/GpbHbTYaqMPNDMRqiuUtDW\nSnNySOG+lB/Q/bQLl0l4rLu2TaclKlTPk2blEVt6iD7ilF7Ojc331sAtigqX9wK1\nPb3bVU4gF/xIIkFQhu//UeZnu4cuTQKN24wDjyy8s7pJxk35QnV7RO27UcDNjhFW\n6icbx6d4qdH6ifBgvyXvE30cRZE+qVv16qQJHzbFuDIUSBjviIGGEhRXpKRux2u6\n4LhYzfrh5q2awkQOssrU7iq8LELhRIZa/AkyvJYAOIfVmYtYcxR6EfTLv0L/cBYB\nZuuuM7ciTq/6Tose+bEvGQKCAQEA5yUPPKCKrEmK8VxYnkdTGxwfh7Gib8lOu/kc\nKARo0pjp2+BIjBXrsUkTvvfBfGI6PNd+ZUXvJGZ7yBkkKVHLKi9sDlrUi0wHpe3+\nYdiiAjhY4O1sNexAd2V0weRYCyEe+fXTFYSOU3XAvlh3JeVWBTES0V+8Xk/dFL5q\nGcKgYjfg8QqZtpgFZLHFo49bHoXvj4nocKilTUhdTa1QcVXlkE0jsJPwLiSi/6IO\nyzb4N9MHWCQ1Oz519xf0vPCiF/ayQgvmwY1V4eScmlZ1cwSrty5QNqr0dyu8XVhp\ny6xWzPT/nHlCL86zhvp9hWXSgR0V2hfI0j7KLhWPRc5Us8XuswKCAQEA4jCVLNBn\nD2R6Xsj2v1QhBy749F0llf1Dkrt3PAWiBg6TUkqGf5mdtrBNCL7YtUoHcP95tips\n2iDS6zO/R3DIAjNC5Q88KyeJKkD7aQigkviM2o4R/B1RdRVbg1Zk6LhC7rg6BA3w\n0efcHNylVDhxIXzdb5d+ADwUvCOwOlMj3b/ctKlFB27wG7BwpUMzSKO0Wp2BAeQ3\nV2Am32+ADl3q/UZN11NGuVBMuRsbJT+6blziUPIIlyasULausaJygJyjP9504Wpk\n1SrvG75gVw+qwDACMNRwWkr6m3Q6zdWefgDIAXLz8yiOhxSt6+2MZDLoyYAg/tEY\ngtblOyhrPKyhrQKCAQEA4POTOZiwfO3x1+XcpOWbPsYG9YNuJ8bN5miQ+20XKuYA\nqqlDUXo/8EDDg9YRKuFZ9j5u11bRXyaSDvJQ3BmrVLnkOrAxLAPpaZYOPOGdAfYe\noYDPEEeFke1eTRjSirpIMFIKhWWFMjpmQ5lLE8l3BwR0YOoAI/UrnvWVws5EUnI5\na7y6ThbzIMVWKFDrB/CnbZV0brficC0eCOvEXxiOmvpH4qCHXhDvxUPNi/5KYeHx\nwtkyKR8npTteRscVqabAY0C76eCIFZjsw9Oi6DZCe7sJ+7oywwwAfQP/qmVl8H/7\niCgGvwo2dAWyRTIMRPWuf5soKV1MXL9EuVYN3wuhuwKCAQEAzY0C87/L+JQCFMMi\nYUst3J5WRZOkhYKr9tuABr7DuCdkwCLTyX+rcIsU5n6w50cILissy1wQocW0h2P2\nTxDx4fX9s7W9oyYBo7F8B758VjOjpTX4qBlonjMzf85yU36n7NLkfizBDbBcOqpV\nYI0OWjVj8nZEXig7W6I/EzHc5TbndhJhldi+QRt9suG36CpEyxhZVYO0uyW5DdIB\nGI1G8LYEJUsbeWq83ncAm0AnxwWH8bGSFvJhI9RwOyN6VOCEBpW9t9/9FC85Lgg6\n+sNVE+RNCVz1YUjEJ6NfkRCxQKarG44AnZfctmsXhtDQhXoyTHOxCICyeqyZksIv\neesT3QKCAQBPYF+s9QXPIPZJT9a183pnDBWyTAD2aT7efubAxQ8TtIDjOehfCD1O\nKajN9f5cianETW4ATz/tx4EPistc8atTagTJcHEXOh2AqgVfu6EjZw378cqY8Scq\nEr9hhbpp/sHrAleQwLKyQWhkbK/MeKfzKKMp/+ps2lo6X3X+0A4VCDB6glQ/9RM4\nENgFHesIwfxQyXNTsNH0IAc5++1f+ioT13Av8OEU+FHnIjWozMklXhFqqx059D6+\n7Cka0bJumESPMoinbFON7i09YbzBclR87x8eg1p6ZVHyUUmSYAh/Ldjc8BKLWsy5\n3DbElDFwzjumzhjlnGayg7GzmkWVpHYj\n-----END PRIVATE KEY-----\n",
            "public_key_fingerprint_md5": "c7:61:59:de:42:18:94:3a:22:f9:dc:cc:6b:ab:04:11",
            "public_key_fingerprint_sha256": "SHA256:lHtqFhfJxTr2dJAoyu7MpBEDBsTEhyLcaGo4q4QP4wY",
            "public_key_openssh": "ssh-rsa AAAAB3NzaC1yc2EAAAADAQABAAACAQDMOpUXaYCYJdFAjnoMXF0pOJ/wXuHwU1V01R2RCBcygOsmaX5ZX4QgxGpaheSo3naL2dF70hnrYZ+PJbnUgXLu9fazMaL+yyhe06drnpPFt1aXNQcJK7JgL++DIIN0TRd+C0wQSOY6yyZVBhAsifPVgeulJuOFuwOKalm85Cp6N2NY95lng1tpEFv8sq/HX8VNBW2NCcVIoyoTgTHqRkjvovnLC92olvL8+pV37F4X32S06mXBmmTD5s7OcEg++ie1KwzDpMudrMw82d5m6+dcyOKxHHeuvGozTNIMu3YFpsA0VdfDoo8OcLmouqIUKIeKpFR3iZ3YEiyeHQoF2lK4Z++n32ura3ndBGV+Rdn6esDWSWZEdCetaoOexAXeXGjAoGx6H/JmXI4sjpU54ncCWZP/eTR6X40UBiYMG2GpE28N2jhRrjyBV0zJLBH8yYEwQWOBdU2xMBE1xDr/C3W1/oqYWZ+5gGfDBfw3xoN3cM9iNHp1fqWCkA8M4C5is0Fo448cUZdpChbYoywnK9SGRsf5rR6BczRpC7INxvAF/YjAj5bbmzJsaCSbOAyXZwhec9cOSSACvV6nhtR+VkBDxNX7jyUZ0KeZHRqisR5NeMn/sV3iOzQXc+sc0kg8HgS8xuF8Zg6NXlXbvPWvKGVd/77AZQThuTNnQp4MTCTh9w==\n",
            "public_key_pem": "-----BEGIN PUBLIC KEY-----\nMIICIjANBgkqhkiG9w0BAQEFAAOCAg8AMIICCgKCAgEAzDqVF2mAmCXRQI56DFxd\nKTif8F7h8FNVdNUdkQgXMoDrJml+WV+EIMRqWoXkqN52i9nRe9IZ62GfjyW51IFy\n7vX2szGi/ssoXtOna56TxbdWlzUHCSuyYC/vgyCDdE0XfgtMEEjmOssmVQYQLInz\n1YHrpSbjhbsDimpZvOQqejdjWPeZZ4NbaRBb/LKvx1/FTQVtjQnFSKMqE4Ex6kZI\n76L5ywvdqJby/PqVd+xeF99ktOplwZpkw+bOznBIPvontSsMw6TLnazMPNneZuvn\nXMjisRx3rrxqM0zSDLt2BabANFXXw6KPDnC5qLqiFCiHiqRUd4md2BIsnh0KBdpS\nuGfvp99rq2t53QRlfkXZ+nrA1klmRHQnrWqDnsQF3lxowKBseh/yZlyOLI6VOeJ3\nAlmT/3k0el+NFAYmDBthqRNvDdo4Ua48gVdMySwR/MmBMEFjgXVNsTARNcQ6/wt1\ntf6KmFmfuYBnwwX8N8aDd3DPYjR6dX6lgpAPDOAuYrNBaOOPHFGXaQoW2KMsJyvU\nhkbH+a0egXM0aQuyDcbwBf2IwI+W25sybGgkmzgMl2cIXnPXDkkgAr1ep4bUflZA\nQ8TV+48lGdCnmR0aorEeTXjJ/7Fd4js0F3PrHNJIPB4EvMbhfGYOjV5V27z1ryhl\nXf++wGUE4bkzZ0KeDEwk4fcCAwEAAQ==\n-----END PUBLIC KEY-----\n",
            "rsa_bits": 4096
          },
          "sensitive_attributes": [
            [
              {
                "type": "get_attr",
                "value": "private_key_pem_pkcs8"
              }
            ],
            [
              {
                "type": "get_attr",
                "value": "private_key_pem"
              }
            ],
            [
              {
                "type": "get_attr",
                "value": "private_key_openssh"
              }
            ]
          ]
        }
      ]
    },
    {
      "module": "module.cloudwatch",
      "mode": "managed",
      "type": "aws_cloudwatch_metric_alarm",
      "name": "high_cpu",
      "provider": "provider[\"registry.terraform.io/hashicorp/aws\"]",
      "instances": [
        {
          "schema_version": 1,
          "attributes": {
            "actions_enabled": true,
            "alarm_actions": [
              "arn:aws:sns:us-east-1:637423480272:cpu-utilization-alerts"
            ],
            "alarm_description": "This metric monitors the CPU utilization of the EC2 instance.",
            "alarm_name": "high-cpu-utilization",
            "arn": "arn:aws:cloudwatch:us-east-1:637423480272:alarm:high-cpu-utilization",
            "comparison_operator": "GreaterThanOrEqualToThreshold",
            "datapoints_to_alarm": 0,
            "dimensions": {
              "InstanceId": "i-00cc4e5e7bec4500d"
            },
            "evaluate_low_sample_count_percentiles": "",
            "evaluation_periods": 1,
            "extended_statistic": "",
            "id": "high-cpu-utilization",
            "insufficient_data_actions": null,
            "metric_name": "CPUUtilization",
            "metric_query": [],
            "namespace": "AWS/EC2",
            "ok_actions": null,
            "period": 300,
            "statistic": "Average",
            "tags": null,
            "tags_all": {},
            "threshold": 70,
            "threshold_metric_id": "",
            "treat_missing_data": "missing",
            "unit": ""
          },
          "sensitive_attributes": [],
          "private": "eyJzY2hlbWFfdmVyc2lvbiI6IjEifQ==",
          "dependencies": [
            "module.cloudwatch.aws_sns_topic.alerts",
            "module.ec2.aws_instance.app",
            "module.security_group.aws_security_group.allow_all",
            "module.vpc.aws_subnet.subnet",
            "module.vpc.aws_vpc.main"
          ]
        }
      ]
    },
    {
      "module": "module.cloudwatch",
      "mode": "managed",
      "type": "aws_sns_topic",
      "name": "alerts",
      "provider": "provider[\"registry.terraform.io/hashicorp/aws\"]",
      "instances": [
        {
          "schema_version": 0,
          "attributes": {
            "application_failure_feedback_role_arn": "",
            "application_success_feedback_role_arn": "",
            "application_success_feedback_sample_rate": 0,
            "arn": "arn:aws:sns:us-east-1:637423480272:cpu-utilization-alerts",
            "content_based_deduplication": false,
            "delivery_policy": "",
            "display_name": "",
            "fifo_topic": false,
            "firehose_failure_feedback_role_arn": "",
            "firehose_success_feedback_role_arn": "",
            "firehose_success_feedback_sample_rate": 0,
            "http_failure_feedback_role_arn": "",
            "http_success_feedback_role_arn": "",
            "http_success_feedback_sample_rate": 0,
            "id": "arn:aws:sns:us-east-1:637423480272:cpu-utilization-alerts",
            "kms_master_key_id": "",
            "lambda_failure_feedback_role_arn": "",
            "lambda_success_feedback_role_arn": "",
            "lambda_success_feedback_sample_rate": 0,
            "name": "cpu-utilization-alerts",
            "name_prefix": "",
            "owner": "637423480272",
            "policy": "{\"Id\":\"__default_policy_ID\",\"Statement\":[{\"Action\":[\"SNS:GetTopicAttributes\",\"SNS:SetTopicAttributes\",\"SNS:AddPermission\",\"SNS:RemovePermission\",\"SNS:DeleteTopic\",\"SNS:Subscribe\",\"SNS:ListSubscriptionsByTopic\",\"SNS:Publish\"],\"Condition\":{\"StringEquals\":{\"AWS:SourceOwner\":\"637423480272\"}},\"Effect\":\"Allow\",\"Principal\":{\"AWS\":\"*\"},\"Resource\":\"arn:aws:sns:us-east-1:637423480272:cpu-utilization-alerts\",\"Sid\":\"__default_statement_ID\"}],\"Version\":\"2008-10-17\"}",
            "signature_version": 0,
            "sqs_failure_feedback_role_arn": "",
            "sqs_success_feedback_role_arn": "",
            "sqs_success_feedback_sample_rate": 0,
            "tags": null,
            "tags_all": {},
            "tracing_config": ""
          },
          "sensitive_attributes": [],
          "private": "bnVsbA=="
        }
      ]
    },
    {
      "module": "module.cloudwatch",
      "mode": "managed",
      "type": "aws_sns_topic_subscription",
      "name": "email",
      "provider": "provider[\"registry.terraform.io/hashicorp/aws\"]",
      "instances": [
        {
          "schema_version": 0,
          "attributes": {
            "arn": "arn:aws:sns:us-east-1:637423480272:cpu-utilization-alerts:d44768c5-3f69-46a2-83e6-366f13c7dbcd",
            "confirmation_timeout_in_minutes": 1,
            "confirmation_was_authenticated": false,
            "delivery_policy": "",
            "endpoint": "alyaabadr266@gmail.com",
            "endpoint_auto_confirms": false,
            "filter_policy": "",
            "filter_policy_scope": "",
            "id": "arn:aws:sns:us-east-1:637423480272:cpu-utilization-alerts:d44768c5-3f69-46a2-83e6-366f13c7dbcd",
            "owner_id": "637423480272",
            "pending_confirmation": true,
            "protocol": "email",
            "raw_message_delivery": false,
            "redrive_policy": "",
            "subscription_role_arn": "",
            "topic_arn": "arn:aws:sns:us-east-1:637423480272:cpu-utilization-alerts"
          },
          "sensitive_attributes": [],
          "private": "bnVsbA==",
          "dependencies": [
            "module.cloudwatch.aws_sns_topic.alerts"
          ]
        }
      ]
    },
    {
      "module": "module.ec2",
      "mode": "managed",
      "type": "aws_instance",
      "name": "app",
      "provider": "provider[\"registry.terraform.io/hashicorp/aws\"]",
      "instances": [
        {
          "index_key": 0,
          "schema_version": 1,
          "attributes": {
            "ami": "ami-04b70fa74e45c3917",
            "arn": "arn:aws:ec2:us-east-1:637423480272:instance/i-00cc4e5e7bec4500d",
            "associate_public_ip_address": true,
            "availability_zone": "us-east-1a",
            "capacity_reservation_specification": [
              {
                "capacity_reservation_preference": "open",
                "capacity_reservation_target": []
              }
            ],
            "cpu_core_count": 1,
            "cpu_options": [
              {
                "amd_sev_snp": "",
                "core_count": 1,
                "threads_per_core": 1
              }
            ],
            "cpu_threads_per_core": 1,
            "credit_specification": [
              {
                "cpu_credits": "standard"
              }
            ],
            "disable_api_stop": false,
            "disable_api_termination": false,
            "ebs_block_device": [],
            "ebs_optimized": false,
            "enclave_options": [
              {
                "enabled": false
              }
            ],
            "ephemeral_block_device": [],
            "get_password_data": false,
            "hibernation": false,
            "host_id": "",
            "host_resource_group_arn": null,
            "iam_instance_profile": "",
            "id": "i-00cc4e5e7bec4500d",
            "instance_initiated_shutdown_behavior": "stop",
            "instance_state": "running",
            "instance_type": "t2.micro",
            "ipv6_address_count": 0,
            "ipv6_addresses": [],
            "key_name": "my-key-pair",
            "launch_template": [],
            "maintenance_options": [
              {
                "auto_recovery": "default"
              }
            ],
            "metadata_options": [
              {
                "http_endpoint": "enabled",
                "http_put_response_hop_limit": 2,
                "http_tokens": "required",
                "instance_metadata_tags": "disabled"
              }
            ],
            "monitoring": false,
            "network_interface": [],
            "outpost_arn": "",
            "password_data": "",
            "placement_group": "",
            "placement_partition_number": 0,
            "primary_network_interface_id": "eni-0e05acbd9a015f25d",
            "private_dns": "ip-10-0-1-110.ec2.internal",
            "private_dns_name_options": [
              {
                "enable_resource_name_dns_a_record": false,
                "enable_resource_name_dns_aaaa_record": false,
                "hostname_type": "ip-name"
              }
            ],
            "private_ip": "10.0.1.110",
            "public_dns": "",
            "public_ip": "44.202.196.48",
            "root_block_device": [
              {
                "delete_on_termination": true,
                "device_name": "/dev/sda1",
                "encrypted": false,
                "iops": 3000,
                "kms_key_id": "",
                "tags": {},
                "throughput": 125,
                "volume_id": "vol-0d890fcb96cc61526",
                "volume_size": 8,
                "volume_type": "gp3"
              }
            ],
            "secondary_private_ips": [],
            "security_groups": [
              "sg-06d0d2e0dbbce4618"
            ],
            "source_dest_check": true,
            "subnet_id": "subnet-04f89f930f49a6d7a",
            "tags": {
              "Name": "app-instance-0"
            },
            "tags_all": {
              "Name": "app-instance-0"
            },
            "tenancy": "default",
            "timeouts": null,
            "user_data": null,
            "user_data_base64": null,
            "user_data_replace_on_change": false,
            "volume_tags": null,
            "vpc_security_group_ids": [
              "sg-06d0d2e0dbbce4618"
            ]
          },
          "sensitive_attributes": [],
          "private": "eyJlMmJmYjczMC1lY2FhLTExZTYtOGY4OC0zNDM2M2JjN2M0YzAiOnsiY3JlYXRlIjo2MDAwMDAwMDAwMDAsImRlbGV0ZSI6MTIwMDAwMDAwMDAwMCwidXBkYXRlIjo2MDAwMDAwMDAwMDB9LCJzY2hlbWFfdmVyc2lvbiI6IjEifQ==",
          "dependencies": [
            "module.security_group.aws_security_group.allow_all",
            "module.vpc.aws_subnet.subnet",
            "module.vpc.aws_vpc.main"
          ]
        }
      ]
    },
    {
      "module": "module.security_group",
      "mode": "managed",
      "type": "aws_security_group",
      "name": "allow_all",
      "provider": "provider[\"registry.terraform.io/hashicorp/aws\"]",
      "instances": [
        {
          "schema_version": 1,
          "attributes": {
            "arn": "arn:aws:ec2:us-east-1:637423480272:security-group/sg-06d0d2e0dbbce4618",
            "description": "Allow all inbound and outbound traffic",
            "egress": [
              {
                "cidr_blocks": [
                  "0.0.0.0/0"
                ],
                "description": "",
                "from_port": 0,
                "ipv6_cidr_blocks": [],
                "prefix_list_ids": [],
                "protocol": "-1",
                "security_groups": [],
                "self": false,
                "to_port": 0
              }
            ],
            "id": "sg-06d0d2e0dbbce4618",
            "ingress": [
              {
                "cidr_blocks": [
                  "0.0.0.0/0"
                ],
                "description": "",
                "from_port": 0,
                "ipv6_cidr_blocks": [],
                "prefix_list_ids": [],
                "protocol": "-1",
                "security_groups": [],
                "self": false,
                "to_port": 0
              }
            ],
            "name": "allow_all_sg",
            "name_prefix": "",
            "owner_id": "637423480272",
            "revoke_rules_on_delete": false,
            "tags": null,
            "tags_all": {},
            "timeouts": null,
            "vpc_id": "vpc-0de5cb63c20fc8234"
          },
          "sensitive_attributes": [],
          "private": "eyJlMmJmYjczMC1lY2FhLTExZTYtOGY4OC0zNDM2M2JjN2M0YzAiOnsiY3JlYXRlIjo2MDAwMDAwMDAwMDAsImRlbGV0ZSI6OTAwMDAwMDAwMDAwfSwic2NoZW1hX3ZlcnNpb24iOiIxIn0=",
          "dependencies": [
            "module.vpc.aws_vpc.main"
          ]
        }
      ]
    },
    {
      "module": "module.vpc",
      "mode": "managed",
      "type": "aws_internet_gateway",
      "name": "igw",
      "provider": "provider[\"registry.terraform.io/hashicorp/aws\"]",
      "instances": [
        {
          "schema_version": 0,
          "attributes": {
            "arn": "arn:aws:ec2:us-east-1:637423480272:internet-gateway/igw-05be9d7e28c3a362a",
            "id": "igw-05be9d7e28c3a362a",
            "owner_id": "637423480272",
            "tags": null,
            "tags_all": {},
            "timeouts": null,
            "vpc_id": "vpc-0de5cb63c20fc8234"
          },
          "sensitive_attributes": [],
          "private": "eyJlMmJmYjczMC1lY2FhLTExZTYtOGY4OC0zNDM2M2JjN2M0YzAiOnsiY3JlYXRlIjoxMjAwMDAwMDAwMDAwLCJkZWxldGUiOjEyMDAwMDAwMDAwMDAsInVwZGF0ZSI6MTIwMDAwMDAwMDAwMH19",
          "dependencies": [
            "module.vpc.aws_vpc.main"
          ]
        }
      ]
    },
    {
      "module": "module.vpc",
      "mode": "managed",
      "type": "aws_route",
      "name": "default_route",
      "provider": "provider[\"registry.terraform.io/hashicorp/aws\"]",
      "instances": [
        {
          "schema_version": 0,
          "attributes": {
            "carrier_gateway_id": "",
            "core_network_arn": "",
            "destination_cidr_block": "0.0.0.0/0",
            "destination_ipv6_cidr_block": "",
            "destination_prefix_list_id": "",
            "egress_only_gateway_id": "",
            "gateway_id": "igw-05be9d7e28c3a362a",
            "id": "r-rtb-0331374bc6f876a241080289494",
            "instance_id": "",
            "instance_owner_id": "",
            "local_gateway_id": "",
            "nat_gateway_id": "",
            "network_interface_id": "",
            "origin": "CreateRoute",
            "route_table_id": "rtb-0331374bc6f876a24",
            "state": "active",
            "timeouts": null,
            "transit_gateway_id": "",
            "vpc_endpoint_id": "",
            "vpc_peering_connection_id": ""
          },
          "sensitive_attributes": [],
          "private": "eyJlMmJmYjczMC1lY2FhLTExZTYtOGY4OC0zNDM2M2JjN2M0YzAiOnsiY3JlYXRlIjozMDAwMDAwMDAwMDAsImRlbGV0ZSI6MzAwMDAwMDAwMDAwLCJ1cGRhdGUiOjEyMDAwMDAwMDAwMH19",
          "dependencies": [
            "module.vpc.aws_internet_gateway.igw",
            "module.vpc.aws_route_table.rt",
            "module.vpc.aws_vpc.main"
          ]
        }
      ]
    },
    {
      "module": "module.vpc",
      "mode": "managed",
      "type": "aws_route_table",
      "name": "rt",
      "provider": "provider[\"registry.terraform.io/hashicorp/aws\"]",
      "instances": [
        {
          "schema_version": 0,
          "attributes": {
            "arn": "arn:aws:ec2:us-east-1:637423480272:route-table/rtb-0331374bc6f876a24",
            "id": "rtb-0331374bc6f876a24",
            "owner_id": "637423480272",
            "propagating_vgws": [],
            "route": [],
            "tags": null,
            "tags_all": {},
            "timeouts": null,
            "vpc_id": "vpc-0de5cb63c20fc8234"
          },
          "sensitive_attributes": [],
          "private": "eyJlMmJmYjczMC1lY2FhLTExZTYtOGY4OC0zNDM2M2JjN2M0YzAiOnsiY3JlYXRlIjozMDAwMDAwMDAwMDAsImRlbGV0ZSI6MzAwMDAwMDAwMDAwLCJ1cGRhdGUiOjEyMDAwMDAwMDAwMH19",
          "dependencies": [
            "module.vpc.aws_vpc.main"
          ]
        }
      ]
    },
    {
      "module": "module.vpc",
      "mode": "managed",
      "type": "aws_route_table_association",
      "name": "a",
      "provider": "provider[\"registry.terraform.io/hashicorp/aws\"]",
      "instances": [
        {
          "index_key": 0,
          "schema_version": 0,
          "attributes": {
            "gateway_id": "",
            "id": "rtbassoc-03aafc15fd95074a2",
            "route_table_id": "rtb-0331374bc6f876a24",
            "subnet_id": "subnet-04f89f930f49a6d7a",
            "timeouts": null
          },
          "sensitive_attributes": [],
          "private": "eyJlMmJmYjczMC1lY2FhLTExZTYtOGY4OC0zNDM2M2JjN2M0YzAiOnsiY3JlYXRlIjozMDAwMDAwMDAwMDAsImRlbGV0ZSI6MzAwMDAwMDAwMDAwLCJ1cGRhdGUiOjEyMDAwMDAwMDAwMH19",
          "dependencies": [
            "module.vpc.aws_route_table.rt",
            "module.vpc.aws_subnet.subnet",
            "module.vpc.aws_vpc.main"
          ]
        },
        {
          "index_key": 1,
          "schema_version": 0,
          "attributes": {
            "gateway_id": "",
            "id": "rtbassoc-02cd19675145d6b8e",
            "route_table_id": "rtb-0331374bc6f876a24",
            "subnet_id": "subnet-0cb5259eacfde117e",
            "timeouts": null
          },
          "sensitive_attributes": [],
          "private": "eyJlMmJmYjczMC1lY2FhLTExZTYtOGY4OC0zNDM2M2JjN2M0YzAiOnsiY3JlYXRlIjozMDAwMDAwMDAwMDAsImRlbGV0ZSI6MzAwMDAwMDAwMDAwLCJ1cGRhdGUiOjEyMDAwMDAwMDAwMH19",
          "dependencies": [
            "module.vpc.aws_route_table.rt",
            "module.vpc.aws_subnet.subnet",
            "module.vpc.aws_vpc.main"
          ]
        }
      ]
    },
    {
      "module": "module.vpc",
      "mode": "managed",
      "type": "aws_subnet",
      "name": "subnet",
      "provider": "provider[\"registry.terraform.io/hashicorp/aws\"]",
      "instances": [
        {
          "index_key": 0,
          "schema_version": 1,
          "attributes": {
            "arn": "arn:aws:ec2:us-east-1:637423480272:subnet/subnet-04f89f930f49a6d7a",
            "assign_ipv6_address_on_creation": false,
            "availability_zone": "us-east-1a",
            "availability_zone_id": "use1-az1",
            "cidr_block": "10.0.1.0/24",
            "customer_owned_ipv4_pool": "",
            "enable_dns64": false,
            "enable_lni_at_device_index": 0,
            "enable_resource_name_dns_a_record_on_launch": false,
            "enable_resource_name_dns_aaaa_record_on_launch": false,
            "id": "subnet-04f89f930f49a6d7a",
            "ipv6_cidr_block": "",
            "ipv6_cidr_block_association_id": "",
            "ipv6_native": false,
            "map_customer_owned_ip_on_launch": false,
            "map_public_ip_on_launch": false,
            "outpost_arn": "",
            "owner_id": "637423480272",
            "private_dns_hostname_type_on_launch": "ip-name",
            "tags": null,
            "tags_all": {},
            "timeouts": null,
            "vpc_id": "vpc-0de5cb63c20fc8234"
          },
          "sensitive_attributes": [],
          "private": "eyJlMmJmYjczMC1lY2FhLTExZTYtOGY4OC0zNDM2M2JjN2M0YzAiOnsiY3JlYXRlIjo2MDAwMDAwMDAwMDAsImRlbGV0ZSI6MTIwMDAwMDAwMDAwMH0sInNjaGVtYV92ZXJzaW9uIjoiMSJ9",
          "dependencies": [
            "module.vpc.aws_vpc.main"
          ]
        },
        {
          "index_key": 1,
          "schema_version": 1,
          "attributes": {
            "arn": "arn:aws:ec2:us-east-1:637423480272:subnet/subnet-0cb5259eacfde117e",
            "assign_ipv6_address_on_creation": false,
            "availability_zone": "us-east-1b",
            "availability_zone_id": "use1-az2",
            "cidr_block": "10.0.2.0/24",
            "customer_owned_ipv4_pool": "",
            "enable_dns64": false,
            "enable_lni_at_device_index": 0,
            "enable_resource_name_dns_a_record_on_launch": false,
            "enable_resource_name_dns_aaaa_record_on_launch": false,
            "id": "subnet-0cb5259eacfde117e",
            "ipv6_cidr_block": "",
            "ipv6_cidr_block_association_id": "",
            "ipv6_native": false,
            "map_customer_owned_ip_on_launch": false,
            "map_public_ip_on_launch": false,
            "outpost_arn": "",
            "owner_id": "637423480272",
            "private_dns_hostname_type_on_launch": "ip-name",
            "tags": null,
            "tags_all": {},
            "timeouts": null,
            "vpc_id": "vpc-0de5cb63c20fc8234"
          },
          "sensitive_attributes": [],
          "private": "eyJlMmJmYjczMC1lY2FhLTExZTYtOGY4OC0zNDM2M2JjN2M0YzAiOnsiY3JlYXRlIjo2MDAwMDAwMDAwMDAsImRlbGV0ZSI6MTIwMDAwMDAwMDAwMH0sInNjaGVtYV92ZXJzaW9uIjoiMSJ9",
          "dependencies": [
            "module.vpc.aws_vpc.main"
          ]
        }
      ]
    },
    {
      "module": "module.vpc",
      "mode": "managed",
      "type": "aws_vpc",
      "name": "main",
      "provider": "provider[\"registry.terraform.io/hashicorp/aws\"]",
      "instances": [
        {
          "schema_version": 1,
          "attributes": {
            "arn": "arn:aws:ec2:us-east-1:637423480272:vpc/vpc-0de5cb63c20fc8234",
            "assign_generated_ipv6_cidr_block": false,
            "cidr_block": "10.0.0.0/16",
            "default_network_acl_id": "acl-00b8e80fcac234282",
            "default_route_table_id": "rtb-0b738dc792e4fbf12",
            "default_security_group_id": "sg-0f93d69bfee4f09a2",
            "dhcp_options_id": "dopt-093e17d9ca40252c3",
            "enable_classiclink": false,
            "enable_classiclink_dns_support": false,
            "enable_dns_hostnames": false,
            "enable_dns_support": true,
            "enable_network_address_usage_metrics": false,
            "id": "vpc-0de5cb63c20fc8234",
            "instance_tenancy": "default",
            "ipv4_ipam_pool_id": null,
            "ipv4_netmask_length": null,
            "ipv6_association_id": "",
            "ipv6_cidr_block": "",
            "ipv6_cidr_block_network_border_group": "",
            "ipv6_ipam_pool_id": "",
            "ipv6_netmask_length": 0,
            "main_route_table_id": "rtb-0b738dc792e4fbf12",
            "owner_id": "637423480272",
            "tags": null,
            "tags_all": {}
          },
          "sensitive_attributes": [],
          "private": "eyJzY2hlbWFfdmVyc2lvbiI6IjEifQ=="
        }
      ]
    }
  ],
  "check_results": null
}
